<Solution>
  <Folder Name="/Benchmarks/">
    <File Path="Benchmarks/Directory.Build.props" />
  </Folder>
  <Folder Name="/Benchmarks/AllOverIt.Assertion/">
    <Project Path="Benchmarks/AllOverIt.Assertion/ThrowWhenBenchmark/ThrowWhenBenchmark.csproj" />
  </Folder>
  <Folder Name="/Benchmarks/AllOverIt.Evaluator/">
    <Project Path="Benchmarks/AllOverIt.Evaluator/Evaluator/EvaluatorBenchmark.csproj" />
  </Folder>
  <Folder Name="/Benchmarks/AllOverIt.Mapping/">
    <Project Path="Benchmarks/AllOverIt.Mapping/ObjectMapping/ObjectMappingBenchmark.csproj" />
  </Folder>
  <Folder Name="/Benchmarks/AllOverIt.Serialization.Binary/">
    <Project Path="Benchmarks/AllOverIt.Serialization.Binary/BinarySerialization/BinarySerializationBenchmark.csproj" />
  </Folder>
  <Folder Name="/Benchmarks/AllOverIt/">
    <Project Path="Benchmarks/AllOverIt/CompiledReflection/CompiledReflectionBenchmark.csproj" />
    <Project Path="Benchmarks/AllOverIt/ForEachAsync/ForEachAsyncBenchmark.csproj" />
    <Project Path="Benchmarks/AllOverIt/Interceptor/InterceptorBenchmark.csproj" />
    <Project Path="Benchmarks/AllOverIt/SerializationFilter/SerializationFilterBenchmark.csproj" />
    <Project Path="Benchmarks/AllOverIt/Specification/SpecificationBenchmark.csproj" />
  </Folder>
  <Folder Name="/Demos/">
    <File Path="Demos/Directory.Build.props" />
  </Folder>
  <Folder Name="/Demos/AllOverIt.AspNetCore/">
    <Project Path="Demos/AllOverIt.AspNetCore/EnrichedEnumModelBindingDemo/EnrichedEnumModelBindingDemo.csproj" />
  </Folder>
  <Folder Name="/Demos/AllOverIt.Aws.AppSync.Client/">
    <Project Path="Demos/AllOverIt.Aws.AppSync.Client/AppSyncSubscriptionDemo/AppSyncSubscriptionDemo.csproj" />
  </Folder>
  <Folder Name="/Demos/AllOverIt.Aws.Cdk.AppSync/">
    <Project Path="Demos/AllOverIt.Aws.Cdk.AppSync/GraphqlSchema/GraphqlSchema.csproj" />
  </Folder>
  <Folder Name="/Demos/AllOverIt.Cryptography/">
    <Project Path="Demos/AllOverIt.Cryptography/AESEncryptionDemo/AESEncryptionDemo.csproj" />
    <Project Path="Demos/AllOverIt.Cryptography/RsaAesHybridEncryptionDemo/RsaAesHybridEncryptionDemo.csproj" />
    <Project Path="Demos/AllOverIt.Cryptography/RSAEncryptionDemo/RSAEncryptionDemo.csproj" />
  </Folder>
  <Folder Name="/Demos/AllOverIt.Csv/">
    <Project Path="Demos/AllOverIt.Csv/CsvExporterDemo/CsvExporterDemo.csproj" />
    <Project Path="Demos/AllOverIt.Csv/CsvSerializerDemo/CsvSerializerDemo.csproj" />
  </Folder>
  <Folder Name="/Demos/AllOverIt.DependencyInjection/">
    <Project Path="Demos/AllOverIt.DependencyInjection/AutoRegistrationDemo/AutoRegistrationDemo.csproj" />
    <Project Path="Demos/AllOverIt.DependencyInjection/ExternalDependencies/ExternalDependencies.csproj" />
    <Project Path="Demos/AllOverIt.DependencyInjection/NamedDependenciesDemo/NamedDependenciesDemo.csproj" />
  </Folder>
  <Folder Name="/Demos/AllOverIt.EntityFrameworkCore.Diagrams/">
    <Project Path="Demos/AllOverIt.EntityFrameworkCore.Diagrams/D2ErdDiagramDemo/D2ErdDiagramDemo.csproj" />
  </Folder>
  <Folder Name="/Demos/AllOverIt.EntityFrameworkCore.Pagination/">
    <Project Path="Demos/AllOverIt.EntityFrameworkCore.Pagination/PaginationConsoleDemo/PaginationConsoleDemo.csproj" />
  </Folder>
  <Folder Name="/Demos/AllOverIt.EntityFrameworkCore/">
    <Project Path="Demos/AllOverIt.EntityFrameworkCore/EFEnumerationDemo/EFEnumerationDemo.csproj" />
  </Folder>
  <Folder Name="/Demos/AllOverIt.Evaluator/">
    <Project Path="Demos/AllOverIt.Evaluator/BasicEvaluationDemo/BasicEvaluationDemo.csproj" />
    <Project Path="Demos/AllOverIt.Evaluator/CustomOperationDemo/CustomOperationDemo.csproj" />
    <Project Path="Demos/AllOverIt.Evaluator/DelegateEvaluationDemo/DelegateEvaluationDemo.csproj" />
    <Project Path="Demos/AllOverIt.Evaluator/MixedEvaluationDemo/MixedEvaluationDemo.csproj" />
    <Project Path="Demos/AllOverIt.Evaluator/ParallelEvaluationDemo/ParallelEvaluationDemo.csproj" />
    <Project Path="Demos/AllOverIt.Evaluator/VariableEvaluationDemo/VariableEvaluationDemo.csproj" />
    <Project Path="Demos/AllOverIt.Evaluator/VariableLookupDemo/VariableLookupDemo.csproj" />
  </Folder>
  <Folder Name="/Demos/AllOverIt.Filtering/">
    <Project Path="Demos/AllOverIt.Filtering/FilteringDemo/FilteringDemo.csproj" />
  </Folder>
  <Folder Name="/Demos/AllOverIt.GenericHost/">
    <Project Path="Demos/AllOverIt.GenericHost/HostedConsoleAppDemo/HostedConsoleAppDemo.csproj" />
  </Folder>
  <Folder Name="/Demos/AllOverIt.Logging/">
    <Project Path="Demos/AllOverIt.Logging/ConsoleLoggingDemo/ConsoleLoggingDemo.csproj" />
  </Folder>
  <Folder Name="/Demos/AllOverIt.Mapping/">
    <Project Path="Demos/AllOverIt.Mapping/DtoMappingDemo/DtoMappingDemo.csproj" />
  </Folder>
  <Folder Name="/Demos/AllOverIt.Pagination/">
    <Project Path="Demos/AllOverIt.Pagination/MemoryPaginationDemo/MemoryPaginationDemo.csproj" />
  </Folder>
  <Folder Name="/Demos/AllOverIt.Pipes/" />
  <Folder Name="/Demos/AllOverIt.Pipes/Anonymous/">
    <Project Path="Demos/AllOverIt.Pipes/Anonymous/AnonymousPipeClientDemo/AnonymousPipeClientDemo.csproj" />
    <Project Path="Demos/AllOverIt.Pipes/Anonymous/AnonymousPipeServerDemo/AnonymousPipeServerDemo.csproj" />
  </Folder>
  <Folder Name="/Demos/AllOverIt.Pipes/NamedPipes/">
    <Project Path="Demos/AllOverIt.Pipes/NamedPipes/NamedPipeClientDemo/NamedPipeClientDemo.csproj" />
    <Project Path="Demos/AllOverIt.Pipes/NamedPipes/NamedPipeServerDemo/NamedPipeServerDemo.csproj" />
    <Project Path="Demos/AllOverIt.Pipes/NamedPipes/NamedPipeTypes/NamedPipeTypes.csproj" />
  </Folder>
  <Folder Name="/Demos/AllOverIt.Reactive/">
    <Project Path="Demos/AllOverIt.Reactive/ObservableDemo/ObservableDemo.csproj" />
    <Project Path="Demos/AllOverIt.Reactive/SubscribedEventsDemo/SubscribedEventsDemo.csproj" />
  </Folder>
  <Folder Name="/Demos/AllOverIt.ReactiveUI.Wpf/">
    <Project Path="Demos/AllOverIt.ReactiveUI.Wpf/ViewRegistryDemo/ViewRegistryDemo.csproj" />
  </Folder>
  <Folder Name="/Demos/AllOverIt.ReactiveUI/">
    <Project Path="Demos/AllOverIt.ReactiveUI/CommandPipelineDemo/CommandPipelineDemo.csproj" />
    <Project Path="Demos/AllOverIt.ReactiveUI/CountdownTimerAppDemo/CountdownTimerAppDemo.csproj" />
  </Folder>
  <Folder Name="/Demos/AllOverIt.Serialization.Binary/">
    <Project Path="Demos/AllOverIt.Serialization.Binary/BinarySerializationDemo/BinarySerializationDemo.csproj" />
  </Folder>
  <Folder Name="/Demos/AllOverIt.Serialization.Json.Newtonsoft/">
    <Project Path="Demos/AllOverIt.Serialization.Json.Newtonsoft/InterfaceDeserializationDemo/InterfaceDeserializationDemo.csproj" />
  </Folder>
  <Folder Name="/Demos/AllOverIt.Serialization.Json.SystemText/">
    <Project Path="Demos/AllOverIt.Serialization.Json.SystemText/InterfaceDeserializationDemo/InterfaceDeserializationDemo.csproj" />
  </Folder>
  <Folder Name="/Demos/AllOverIt.Serialization.JsonHelper/">
    <Project Path="Demos/AllOverIt.Serialization.JsonHelper/DeserializeToDictionaryDemo/DeserializeToDictionaryDemo.csproj" />
  </Folder>
  <Folder Name="/Demos/AllOverIt.Serilog/">
    <Project Path="Demos/AllOverIt.Serilog/CircularBufferSinkDemo/CircularBufferSinkDemo.csproj" />
    <Project Path="Demos/AllOverIt.Serilog/ObservableSinkDemo/ObservableSinkDemo.csproj" />
  </Folder>
  <Folder Name="/Demos/AllOverIt.Validation.Options/">
    <Project Path="Demos/AllOverIt.Validation.Options/OptionsValidationDemo/OptionsValidationDemo.csproj" />
  </Folder>
  <Folder Name="/Demos/AllOverIt.Validation/">
    <Project Path="Demos/AllOverIt.Validation/BasicValidationDemo/BasicValidationDemo.csproj" />
    <Project Path="Demos/AllOverIt.Validation/ValidationInvokerDemo/ValidationInvokerDemo.csproj" />
    <Project Path="Demos/AllOverIt.Validation/ValidationViaDependencyInjectionDemo/ValidationViaDependencyInjectionDemo.csproj" />
  </Folder>
  <Folder Name="/Demos/AllOverIt.Wpf.Controls/">
    <Project Path="Demos/AllOverIt.Wpf.Controls/ExecuteCommandOnEnterKeyBehavior/ExecuteCommandOnEnterKeyBehavior.csproj" />
    <Project Path="Demos/AllOverIt.Wpf.Controls/PreviewTextBoxDemo/PreviewTextBoxDemo.csproj" />
  </Folder>
  <Folder Name="/Demos/AllOverIt.Wpf/">
    <Project Path="Demos/AllOverIt.Wpf/ThreadBindingDemo/ThreadBindingDemo.csproj" />
    <Project Path="Demos/AllOverIt.Wpf/WindowWrapperDemo/WindowWrapperDemo.csproj" />
  </Folder>
  <Folder Name="/Demos/AllOverIt/" />
  <Folder Name="/Demos/AllOverIt/Aspects/">
    <Project Path="Demos/AllOverIt/Aspects/InterceptorDemo/InterceptorDemo.csproj" />
  </Folder>
  <Folder Name="/Demos/AllOverIt/Async/">
    <Project Path="Demos/AllOverIt/Async/BackgroundTaskDemo/BackgroundTaskDemo.csproj" />
    <Project Path="Demos/AllOverIt/Async/RepeatingTaskDemo/RepeatingTaskDemo.csproj" />
  </Folder>
  <Folder Name="/Demos/AllOverIt/Caching/">
    <Project Path="Demos/AllOverIt/Caching/GenericCacheDemo/GenericCacheDemo.csproj" />
  </Folder>
  <Folder Name="/Demos/AllOverIt/Cryptography/" />
  <Folder Name="/Demos/AllOverIt/Diagnostics/">
    <Project Path="Demos/AllOverIt/Diagnostics/DiagnosticsDemo/DiagnosticsDemo.csproj" />
  </Folder>
  <Folder Name="/Demos/AllOverIt/Events/">
    <Project Path="Demos/AllOverIt/Events/EventAggregatorDemo/EventAggregatorDemo.csproj" />
  </Folder>
  <Folder Name="/Demos/AllOverIt/Formatters/">
    <Project Path="Demos/AllOverIt/Formatters/SerializeObjectPropertiesDemo/SerializeObjectPropertiesDemo.csproj" />
  </Folder>
  <Folder Name="/Demos/AllOverIt/Helpers/">
    <Project Path="Demos/AllOverIt/Helpers/PropertyNavigationDemo/PropertyNavigationDemo.csproj" />
  </Folder>
  <Folder Name="/Demos/AllOverIt/IO/">
    <Project Path="Demos/AllOverIt/Io/DirectorySearchDemo/DirectorySearchDemo.csproj" />
    <Project Path="Demos/AllOverIt/Io/FileSearchDemo/FileSearchDemo.csproj" />
  </Folder>
  <Folder Name="/Demos/AllOverIt/Parallel/">
    <Project Path="Demos/AllOverIt/Parallel/SelectAsParallelDemo/SelectAsParallelDemo.csproj" />
  </Folder>
  <Folder Name="/Demos/AllOverIt/Patterns/">
    <Project Path="Demos/AllOverIt/Patterns/ChainOfResponsibilityAsyncDemo/ChainOfResponsibilityAsyncDemo.csproj" />
    <Project Path="Demos/AllOverIt/Patterns/ChainOfResponsibilityDemo/ChainOfResponsibilityDemo.csproj" />
    <Project Path="Demos/AllOverIt/Patterns/CommandDemo/CommandDemo.csproj" />
    <Project Path="Demos/AllOverIt/Patterns/EnumerationDemo/EnumerationDemo.csproj" />
    <Project Path="Demos/AllOverIt/Patterns/LinqSpecificationDemo/LinqSpecificationDemo.csproj" />
    <Project Path="Demos/AllOverIt/Patterns/PipelineAsyncDemo/PipelineAsyncDemo.csproj" />
    <Project Path="Demos/AllOverIt/Patterns/PipelineDemo/PipelineDemo.csproj" />
    <Project Path="Demos/AllOverIt/Patterns/PipelineParallelDemo/PipelineParallelDemo.csproj" />
    <Project Path="Demos/AllOverIt/Patterns/ResultOrErrorDemo/ResultOrErrorDemo.csproj" />
    <Project Path="Demos/AllOverIt/Patterns/SpecificationDemo/SpecificationDemo.csproj" />
    <Project Path="Demos/AllOverIt/Patterns/ValueObjectDemo/ValueObjectDemo.csproj" />
  </Folder>
  <Folder Name="/Demos/AllOverIt/Plugin/">
    <Project Path="Demos/AllOverIt/Plugin/StartupHook/GCCollectorStartupHook/GCCollectorStartupHook.csproj" />
    <Project Path="Demos/AllOverIt/Plugin/StartupHook/GCCollectorStartupHookProxy/GCCollectorStartupHookProxy.csproj" />
    <Project Path="Demos/AllOverIt/Plugin/StartupHook/StartupHookDemo/StartupHookDemo.csproj" />
  </Folder>
  <Folder Name="/Demos/AllOverIt/Process/">
    <Project Path="Demos/AllOverIt/Process/ExecuteProcessAndWaitDemo/ExecuteProcessAndWaitDemo.csproj" />
  </Folder>
  <Folder Name="/Solution Items/">
    <File Path=".editorconfig" />
    <File Path="Docs/Change Logs/ChangeLog_v9.md" />
    <File Path="LICENSE.md" />
    <File Path="README.md" />
  </Folder>
  <Folder Name="/Source/">
    <File Path="Source/Directory.Build.props" />
    <Project Path="Source/AllOverIt.AspNetCore/AllOverIt.AspNetCore.csproj" />
    <Project Path="Source/AllOverIt.Assertion/AllOverIt.Assertion.csproj" />
    <Project Path="Source/AllOverIt.Aws.AppSync.Client/AllOverIt.Aws.AppSync.Client.csproj" />
    <Project Path="Source/AllOverIt.Aws.Cdk.AppSync/AllOverIt.Aws.Cdk.AppSync.csproj" />
    <Project Path="Source/AllOverIt.Cryptography/AllOverIt.Cryptography.csproj" />
    <Project Path="Source/AllOverIt.Csv/AllOverIt.Csv.csproj" />
    <Project Path="Source/AllOverIt.DependencyInjection/AllOverIt.DependencyInjection.csproj" />
    <Project Path="Source/AllOverIt.EntityFrameworkCore.Diagrams/AllOverIt.EntityFrameworkCore.Diagrams.csproj" />
    <Project Path="Source/AllOverIt.EntityFrameworkCore.Pagination/AllOverIt.EntityFrameworkCore.Pagination.csproj" />
    <Project Path="Source/AllOverIt.EntityFrameworkCore/AllOverIt.EntityFrameworkCore.csproj" />
    <Project Path="Source/AllOverIt.Evaluator/AllOverIt.Evaluator.csproj" />
    <Project Path="Source/AllOverIt.Filtering/AllOverIt.Filtering.csproj" />
    <Project Path="Source/AllOverIt.Fixture.FakeItEasy/AllOverIt.Fixture.FakeItEasy.csproj" />
    <Project Path="Source/AllOverIt.Fixture/AllOverIt.Fixture.csproj" />
    <Project Path="Source/AllOverIt.GenericHost/AllOverIt.GenericHost.csproj" />
    <Project Path="Source/AllOverIt.Logging.Testing/AllOverIt.Logging.Testing.csproj" />
    <Project Path="Source/AllOverIt.Logging/AllOverIt.Logging.csproj" />
    <Project Path="Source/AllOverIt.Mapping/AllOverIt.Mapping.csproj" />
    <Project Path="Source/AllOverIt.Pagination/AllOverIt.Pagination.csproj" />
    <Project Path="Source/AllOverIt.Pipes/AllOverIt.Pipes.csproj" />
    <Project Path="Source/AllOverIt.Reactive/AllOverIt.Reactive.csproj" />
    <Project Path="Source/AllOverIt.ReactiveUI.Wpf/AllOverIt.ReactiveUI.Wpf.csproj" />
    <Project Path="Source/AllOverIt.ReactiveUI/AllOverIt.ReactiveUI.csproj" />
    <Project Path="Source/AllOverIt.Serialization.Binary/AllOverIt.Serialization.Binary.csproj" />
    <Project Path="Source/AllOverIt.Serialization.Json.Abstractions/AllOverIt.Serialization.Json.Abstractions.csproj" />
    <Project Path="Source/AllOverIt.Serialization.Json.Newtonsoft/AllOverIt.Serialization.Json.Newtonsoft.csproj" />
    <Project Path="Source/AllOverIt.Serialization.Json.SystemText/AllOverIt.Serialization.Json.SystemText.csproj" />
    <Project Path="Source/AllOverIt.Serilog/AllOverIt.Serilog.csproj" />
    <Project Path="Source/AllOverIt.Validation.Options/AllOverIt.Validation.Options.csproj" />
    <Project Path="Source/AllOverIt.Validation/AllOverIt.Validation.csproj" />
    <Project Path="Source/AllOverIt.Wpf.Controls/AllOverIt.Wpf.Controls.csproj" />
    <Project Path="Source/AllOverIt.Wpf/AllOverIt.Wpf.csproj" />
    <Project Path="Source/AllOverIt/AllOverIt.csproj" />
  </Folder>
  <Folder Name="/Tests/">
    <File Path="Tests/Directory.Build.props" />
    <Project Path="Tests/AllOverIt.Assertion.Tests/AllOverIt.Assertion.Tests.csproj" />
    <Project Path="Tests/AllOverIt.Cryptography.Tests/AllOverIt.Cryptography.Tests.csproj" />
    <Project Path="Tests/AllOverIt.Csv.Tests/AllOverIt.Csv.Tests.csproj" />
    <Project Path="Tests/AllOverIt.DependencyInjection.Tests.Types/AllOverIt.DependencyInjection.Tests.Types.csproj" />
    <Project Path="Tests/AllOverIt.DependencyInjection.Tests/AllOverIt.DependencyInjection.Tests.csproj" />
    <Project Path="Tests/AllOverIt.EntityFrameworkCore.Diagrams.Tests/AllOverIt.EntityFrameworkCore.Diagrams.Tests.csproj" />
    <Project Path="Tests/AllOverIt.EntityFrameworkCore.Tests/AllOverIt.EntityFrameworkCore.Tests.csproj" />
    <Project Path="Tests/AllOverIt.Evaluator.Tests/AllOverIt.Evaluator.Tests.csproj" />
    <Project Path="Tests/AllOverIt.Filtering.Tests/AllOverIt.Filtering.Tests.csproj" />
    <Project Path="Tests/AllOverIt.Fixture.Tests/AllOverIt.Fixture.Tests.csproj" />
    <Project Path="Tests/AllOverIt.Logging.Testing.Tests/AllOverIt.Logging.Testing.Tests.csproj" />
    <Project Path="Tests/AllOverIt.Logging.Tests/AllOverIt.Logging.Tests.csproj" />
    <Project Path="Tests/AllOverIt.Mapping.Tests/AllOverIt.Mapping.Tests.csproj" />
    <Project Path="Tests/AllOverIt.Pagination.Tests/AllOverIt.Pagination.Tests.csproj" />
    <Project Path="Tests/AllOverIt.Pipes.Tests/AllOverIt.Pipes.Tests.csproj" />
    <Project Path="Tests/AllOverIt.Reactive.Tests/AllOverIt.Reactive.Tests.csproj" />
    <Project Path="Tests/AllOverIt.ReactiveUI.Tests/AllOverIt.ReactiveUI.Tests.csproj" />
    <Project Path="Tests/AllOverIt.Serialization.Binary.Tests/AllOverIt.Serialization.Binary.Tests.csproj" />
    <Project Path="Tests/AllOverIt.Serialization.Json.Abstractions.Tests/AllOverIt.Serialization.Json.Abstractions.Tests.csproj" />
    <Project Path="Tests/AllOverIt.Serialization.Json.Newtonsoft.Tests/AllOverIt.Serialization.Json.Newtonsoft.Tests.csproj" />
    <Project Path="Tests/AllOverIt.Serialization.Json.SystemText.Tests/AllOverIt.Serialization.Json.SystemText.Tests.csproj" />
    <Project Path="Tests/AllOverIt.Serilog.Tests/AllOverIt.Serilog.Tests.csproj" />
    <Project Path="Tests/AllOverIt.Tests/AllOverIt.Tests.csproj" />
    <Project Path="Tests/AllOverIt.Validation.Tests/AllOverIt.Validation.Tests.csproj" />
    <Project Path="Tests/TestUtils/TestUtils.csproj" />
  </Folder>
</Solution>
