{
  "version": 1,
  "dependencies": {
    ".NETCoreApp,Version=v5.0": {
      "Amazon.CDK": {
        "type": "Transitive",
        "resolved": "1.152.0",
        "contentHash": "10xBrvxACWCx1wfMFLuVjjvSJoLX2yD9n94Tar52Y64IYDKKxJts/28wpzzFcZebjCyRuPgC/kupu6YGou/teQ==",
        "dependencies": {
          "Amazon.CDK.CXAPI": "1.152.0",
          "Amazon.CDK.CloudAssembly.Schema": "1.152.0",
          "Amazon.CDK.RegionInfo": "1.152.0",
          "Amazon.JSII.Runtime": "[1.55.1, 2.0.0)",
          "Constructs": "[3.3.69, 4.0.0)"
        }
      },
      "Amazon.CDK.Assets": {
        "type": "Transitive",
        "resolved": "1.152.0",
        "contentHash": "fWnFv91+4OTIqD3KOKv455etU6VvUAJ/Ix88Tzp8MKHk1KsSH5+dulRkby6uAzOndS0DrvRYu8rwhRRNbu4Ceg==",
        "dependencies": {
          "Amazon.CDK": "1.152.0",
          "Amazon.CDK.CXAPI": "1.152.0",
          "Amazon.JSII.Runtime": "[1.55.1, 2.0.0)",
          "Constructs": "[3.3.69, 4.0.0)"
        }
      },
      "Amazon.CDK.AWS.ACMPCA": {
        "type": "Transitive",
        "resolved": "1.152.0",
        "contentHash": "Jwk0qEmT2+IF4g+hep/FrJ3IyXuieMTUWhvJvIVMHeFX8kjQcFqEfdy3crGLMYU+grfMJccAWh7MA908q7nuXg==",
        "dependencies": {
          "Amazon.CDK": "1.152.0",
          "Amazon.JSII.Runtime": "[1.55.1, 2.0.0)",
          "Constructs": "[3.3.69, 4.0.0)"
        }
      },
      "Amazon.CDK.AWS.ApplicationAutoScaling": {
        "type": "Transitive",
        "resolved": "1.152.0",
        "contentHash": "0HZfrQBs+bFk/3ZycbH5oVTwqGGcEuitfXQ/EFe5SAjr6ZASbx64+ox15s4ezFpsHiNfDB4g/TYPC/R4f4KEiQ==",
        "dependencies": {
          "Amazon.CDK": "1.152.0",
          "Amazon.CDK.AWS.AutoScaling.Common": "1.152.0",
          "Amazon.CDK.AWS.CloudWatch": "1.152.0",
          "Amazon.CDK.AWS.IAM": "1.152.0",
          "Amazon.JSII.Runtime": "[1.55.1, 2.0.0)",
          "Constructs": "[3.3.69, 4.0.0)"
        }
      },
      "Amazon.CDK.AWS.AppSync": {
        "type": "Transitive",
        "resolved": "1.152.0",
        "contentHash": "6GEOfo4LhliBJPhzgq+mpDVjegS5yiwGyXrHF1SIjZNp+0GXzKj4sG6L6L40bA4XrxoO2IaiHhteXsHoHrW8Wg==",
        "dependencies": {
          "Amazon.CDK": "1.152.0",
          "Amazon.CDK.AWS.CertificateManager": "1.152.0",
          "Amazon.CDK.AWS.Cognito": "1.152.0",
          "Amazon.CDK.AWS.DynamoDB": "1.152.0",
          "Amazon.CDK.AWS.EC2": "1.152.0",
          "Amazon.CDK.AWS.Elasticsearch": "1.152.0",
          "Amazon.CDK.AWS.IAM": "1.152.0",
          "Amazon.CDK.AWS.Lambda": "1.152.0",
          "Amazon.CDK.AWS.OpenSearchService": "1.152.0",
          "Amazon.CDK.AWS.RDS": "1.152.0",
          "Amazon.CDK.AWS.S3.Assets": "1.152.0",
          "Amazon.CDK.AWS.SecretsManager": "1.152.0",
          "Amazon.JSII.Runtime": "[1.55.1, 2.0.0)",
          "Constructs": "[3.3.69, 4.0.0)"
        }
      },
      "Amazon.CDK.AWS.AutoScaling.Common": {
        "type": "Transitive",
        "resolved": "1.152.0",
        "contentHash": "vL8IYChuULeutjebwjVFvWZ+s7S7IM+wIbYNpmTOwaFv5Szo05KbZnpLc7yo/7YyuapoUFq7nsYP3qG1dNZA5Q==",
        "dependencies": {
          "Amazon.CDK": "1.152.0",
          "Amazon.CDK.AWS.IAM": "1.152.0",
          "Amazon.JSII.Runtime": "[1.55.1, 2.0.0)",
          "Constructs": "[3.3.69, 4.0.0)"
        }
      },
      "Amazon.CDK.AWS.CertificateManager": {
        "type": "Transitive",
        "resolved": "1.152.0",
        "contentHash": "9Npw/YUEJBg9fLAOJm1W0ahN4FXzYlyaVxyRLuRWivE7fExIh8on1ka8HOayggK/lMCxbR7TIThPT6i/GOxE1A==",
        "dependencies": {
          "Amazon.CDK": "1.152.0",
          "Amazon.CDK.AWS.ACMPCA": "1.152.0",
          "Amazon.CDK.AWS.CloudWatch": "1.152.0",
          "Amazon.CDK.AWS.IAM": "1.152.0",
          "Amazon.CDK.AWS.Lambda": "1.152.0",
          "Amazon.CDK.AWS.Route53": "1.152.0",
          "Amazon.JSII.Runtime": "[1.55.1, 2.0.0)",
          "Constructs": "[3.3.69, 4.0.0)"
        }
      },
      "Amazon.CDK.AWS.CloudFormation": {
        "type": "Transitive",
        "resolved": "1.152.0",
        "contentHash": "P7AfVM0ISvoUM6otlwAqLcqW6hs6GySZ/79QJlhBr/iUODYPb6uqY5SgncU7Jyv0f4BvHVtHdCY8lNFAoBKd6A==",
        "dependencies": {
          "Amazon.CDK": "1.152.0",
          "Amazon.CDK.AWS.IAM": "1.152.0",
          "Amazon.CDK.AWS.Lambda": "1.152.0",
          "Amazon.CDK.AWS.S3": "1.152.0",
          "Amazon.CDK.AWS.SNS": "1.152.0",
          "Amazon.CDK.CXAPI": "1.152.0",
          "Amazon.JSII.Runtime": "[1.55.1, 2.0.0)",
          "Constructs": "[3.3.69, 4.0.0)"
        }
      },
      "Amazon.CDK.AWS.CloudWatch": {
        "type": "Transitive",
        "resolved": "1.152.0",
        "contentHash": "F2G7u+JOMbSUyHX+Wb5O088xbhVBl1QnNa6AyTFz7x4FlZjYIyRHSp5EEO0/WOw/DRGWTQRBxe1xALLxoZPybA==",
        "dependencies": {
          "Amazon.CDK": "1.152.0",
          "Amazon.CDK.AWS.IAM": "1.152.0",
          "Amazon.JSII.Runtime": "[1.55.1, 2.0.0)",
          "Constructs": "[3.3.69, 4.0.0)"
        }
      },
      "Amazon.CDK.AWS.CodeGuruProfiler": {
        "type": "Transitive",
        "resolved": "1.152.0",
        "contentHash": "S0mmL6b39TYAGCq3IAx8wGX2voHlA5dL2ZhA+742hEr062kwrZbU/SB0GMh38sDcORuIDHQBn/3j3R2BWPdBmw==",
        "dependencies": {
          "Amazon.CDK": "1.152.0",
          "Amazon.CDK.AWS.IAM": "1.152.0",
          "Amazon.JSII.Runtime": "[1.55.1, 2.0.0)",
          "Constructs": "[3.3.69, 4.0.0)"
        }
      },
      "Amazon.CDK.AWS.CodeStarNotifications": {
        "type": "Transitive",
        "resolved": "1.152.0",
        "contentHash": "DJ13nVykaVxtuhoHx9gTiSZDmDRxFE7krrIboCr6pZ57VxQqNwwxcnsR2+umID3YeXL088l70Foe6TGYBqAnzg==",
        "dependencies": {
          "Amazon.CDK": "1.152.0",
          "Amazon.JSII.Runtime": "[1.55.1, 2.0.0)",
          "Constructs": "[3.3.69, 4.0.0)"
        }
      },
      "Amazon.CDK.AWS.Cognito": {
        "type": "Transitive",
        "resolved": "1.152.0",
        "contentHash": "TLps4YeGBxqOrwKE16L1w+SHhzJIuOSJ+T/UWpWZYTbHPewRs0InEVSWeIqysHCfvtERm8B4IpJqKfh1FX5qOw==",
        "dependencies": {
          "Amazon.CDK": "1.152.0",
          "Amazon.CDK.AWS.CertificateManager": "1.152.0",
          "Amazon.CDK.AWS.CustomResources": "1.152.0",
          "Amazon.CDK.AWS.IAM": "1.152.0",
          "Amazon.CDK.AWS.KMS": "1.152.0",
          "Amazon.CDK.AWS.Lambda": "1.152.0",
          "Amazon.JSII.Runtime": "[1.55.1, 2.0.0)",
          "Constructs": "[3.3.69, 4.0.0)"
        }
      },
      "Amazon.CDK.AWS.CustomResources": {
        "type": "Transitive",
        "resolved": "1.152.0",
        "contentHash": "pq08mHmw6QLdqYFB0XKXXhqHBM5ySD9YPanLjHpl1FODY3AqCwv8dZ10Zrio7Lb7N1ocVauRQyujKmpwh/WlJQ==",
        "dependencies": {
          "Amazon.CDK": "1.152.0",
          "Amazon.CDK.AWS.CloudFormation": "1.152.0",
          "Amazon.CDK.AWS.EC2": "1.152.0",
          "Amazon.CDK.AWS.IAM": "1.152.0",
          "Amazon.CDK.AWS.Lambda": "1.152.0",
          "Amazon.CDK.AWS.Logs": "1.152.0",
          "Amazon.CDK.AWS.SNS": "1.152.0",
          "Amazon.JSII.Runtime": "[1.55.1, 2.0.0)",
          "Constructs": "[3.3.69, 4.0.0)"
        }
      },
      "Amazon.CDK.AWS.DynamoDB": {
        "type": "Transitive",
        "resolved": "1.152.0",
        "contentHash": "BHhruBVIBtWhAkiumPqQ2c0A4uidGdlIqG0FU7Ma0DwCOMg/CG7A07SApnQ8ovcLj1ljUOgpGZt0jkwwSdkvCg==",
        "dependencies": {
          "Amazon.CDK": "1.152.0",
          "Amazon.CDK.AWS.ApplicationAutoScaling": "1.152.0",
          "Amazon.CDK.AWS.CloudWatch": "1.152.0",
          "Amazon.CDK.AWS.CustomResources": "1.152.0",
          "Amazon.CDK.AWS.IAM": "1.152.0",
          "Amazon.CDK.AWS.KMS": "1.152.0",
          "Amazon.CDK.AWS.Kinesis": "1.152.0",
          "Amazon.CDK.AWS.Lambda": "1.152.0",
          "Amazon.JSII.Runtime": "[1.55.1, 2.0.0)",
          "Constructs": "[3.3.69, 4.0.0)"
        }
      },
      "Amazon.CDK.AWS.EC2": {
        "type": "Transitive",
        "resolved": "1.152.0",
        "contentHash": "roHGibw4cfyyGh+0xUZBLoMp1QNBCQabHrbeUQIQXzn7GYHu2cQoRTRqjbtCCTYAOBB4D47uQ3v+XYA+0Nc/dg==",
        "dependencies": {
          "Amazon.CDK": "1.152.0",
          "Amazon.CDK.AWS.CloudWatch": "1.152.0",
          "Amazon.CDK.AWS.IAM": "1.152.0",
          "Amazon.CDK.AWS.KMS": "1.152.0",
          "Amazon.CDK.AWS.Logs": "1.152.0",
          "Amazon.CDK.AWS.S3": "1.152.0",
          "Amazon.CDK.AWS.S3.Assets": "1.152.0",
          "Amazon.CDK.AWS.SSM": "1.152.0",
          "Amazon.CDK.CXAPI": "1.152.0",
          "Amazon.CDK.CloudAssembly.Schema": "1.152.0",
          "Amazon.CDK.RegionInfo": "1.152.0",
          "Amazon.JSII.Runtime": "[1.55.1, 2.0.0)",
          "Constructs": "[3.3.69, 4.0.0)"
        }
      },
      "Amazon.CDK.AWS.ECR": {
        "type": "Transitive",
        "resolved": "1.152.0",
        "contentHash": "lj2cK77lp0T62rCuRXdRm1bwtW0sVHwOmq+nK2lw5WOaNNcrJIaYr9FWELQilH405ce+sc8ZaxF3ie69/PxMKA==",
        "dependencies": {
          "Amazon.CDK": "1.152.0",
          "Amazon.CDK.AWS.Events": "1.152.0",
          "Amazon.CDK.AWS.IAM": "1.152.0",
          "Amazon.CDK.AWS.KMS": "1.152.0",
          "Amazon.JSII.Runtime": "[1.55.1, 2.0.0)",
          "Constructs": "[3.3.69, 4.0.0)"
        }
      },
      "Amazon.CDK.AWS.EFS": {
        "type": "Transitive",
        "resolved": "1.152.0",
        "contentHash": "Lu5fTxlJXSRWKJ1b0mLU6rc83wqm32BtzES9J0SnopFG/Klj26Luft8pIIj2cc/7y1JVJkgSkD/HO00ApAxRNA==",
        "dependencies": {
          "Amazon.CDK": "1.152.0",
          "Amazon.CDK.AWS.EC2": "1.152.0",
          "Amazon.CDK.AWS.IAM": "1.152.0",
          "Amazon.CDK.AWS.KMS": "1.152.0",
          "Amazon.CDK.CXAPI": "1.152.0",
          "Amazon.CDK.CloudAssembly.Schema": "1.152.0",
          "Amazon.JSII.Runtime": "[1.55.1, 2.0.0)",
          "Constructs": "[3.3.69, 4.0.0)"
        }
      },
      "Amazon.CDK.AWS.Elasticsearch": {
        "type": "Transitive",
        "resolved": "1.152.0",
        "contentHash": "2KXMC/tX2bl6nqLp0oGpR8QmjYc2zGGmkW/ORPleuswWTQTqihXKiV2iauq2LQhcDVh986OHc1g6o8QoArvYJg==",
        "dependencies": {
          "Amazon.CDK": "1.152.0",
          "Amazon.CDK.AWS.CertificateManager": "1.152.0",
          "Amazon.CDK.AWS.CloudWatch": "1.152.0",
          "Amazon.CDK.AWS.CustomResources": "1.152.0",
          "Amazon.CDK.AWS.EC2": "1.152.0",
          "Amazon.CDK.AWS.IAM": "1.152.0",
          "Amazon.CDK.AWS.KMS": "1.152.0",
          "Amazon.CDK.AWS.Logs": "1.152.0",
          "Amazon.CDK.AWS.Route53": "1.152.0",
          "Amazon.CDK.AWS.SecretsManager": "1.152.0",
          "Amazon.JSII.Runtime": "[1.55.1, 2.0.0)",
          "Constructs": "[3.3.69, 4.0.0)"
        }
      },
      "Amazon.CDK.AWS.Events": {
        "type": "Transitive",
        "resolved": "1.152.0",
        "contentHash": "Ua3xaM4KQEOkaeuIqOs4v5T08CxguQvjvBLbmOuP3Xoj4+jCqCiyiyB/3mNkApsO+3CpL+uFa1CGQRcVP0RpjQ==",
        "dependencies": {
          "Amazon.CDK": "1.152.0",
          "Amazon.CDK.AWS.IAM": "1.152.0",
          "Amazon.JSII.Runtime": "[1.55.1, 2.0.0)",
          "Constructs": "[3.3.69, 4.0.0)"
        }
      },
      "Amazon.CDK.AWS.IAM": {
        "type": "Transitive",
        "resolved": "1.152.0",
        "contentHash": "hCSUgbka6ThBTRwS1xWbFF4xVgn7pYvtAslsKWpzv06GLlICATJEnvR+ZluKeCghxkvd7xqBoETQgZ1zavd8eA==",
        "dependencies": {
          "Amazon.CDK": "1.152.0",
          "Amazon.CDK.CXAPI": "1.152.0",
          "Amazon.CDK.RegionInfo": "1.152.0",
          "Amazon.JSII.Runtime": "[1.55.1, 2.0.0)",
          "Constructs": "[3.3.69, 4.0.0)"
        }
      },
      "Amazon.CDK.AWS.Kinesis": {
        "type": "Transitive",
        "resolved": "1.152.0",
        "contentHash": "x83PuHe9GWekyb0IpJAafuNCaz+mbMm1YVRWtLPEy/EpvPMv4kdPp+uwjotwhlmO3nrc76BjPRU4Q8hChs55bg==",
        "dependencies": {
          "Amazon.CDK": "1.152.0",
          "Amazon.CDK.AWS.CloudWatch": "1.152.0",
          "Amazon.CDK.AWS.IAM": "1.152.0",
          "Amazon.CDK.AWS.KMS": "1.152.0",
          "Amazon.CDK.AWS.Logs": "1.152.0",
          "Amazon.JSII.Runtime": "[1.55.1, 2.0.0)",
          "Constructs": "[3.3.69, 4.0.0)"
        }
      },
      "Amazon.CDK.AWS.KMS": {
        "type": "Transitive",
        "resolved": "1.152.0",
        "contentHash": "tGfIfN+Sbve4eT9ret9mCyjp0YPze9gQ6Kg4lbvcTxG01TuC/1j1GQbcWEb2IKUooARObIVIoaeW4iOnE3xc4g==",
        "dependencies": {
          "Amazon.CDK": "1.152.0",
          "Amazon.CDK.AWS.IAM": "1.152.0",
          "Amazon.CDK.CXAPI": "1.152.0",
          "Amazon.CDK.CloudAssembly.Schema": "1.152.0",
          "Amazon.JSII.Runtime": "[1.55.1, 2.0.0)",
          "Constructs": "[3.3.69, 4.0.0)"
        }
      },
      "Amazon.CDK.AWS.Lambda": {
        "type": "Transitive",
        "resolved": "1.152.0",
        "contentHash": "FWTrJ09aiWdIMsr6q//ybSlkMKKtu3SWDldenju/GEGo7bYM63QrO53BApr2NtIvVRF7QitY6edOiRfxqodK8A==",
        "dependencies": {
          "Amazon.CDK": "1.152.0",
          "Amazon.CDK.AWS.ApplicationAutoScaling": "1.152.0",
          "Amazon.CDK.AWS.CloudWatch": "1.152.0",
          "Amazon.CDK.AWS.CodeGuruProfiler": "1.152.0",
          "Amazon.CDK.AWS.EC2": "1.152.0",
          "Amazon.CDK.AWS.ECR": "1.152.0",
          "Amazon.CDK.AWS.EFS": "1.152.0",
          "Amazon.CDK.AWS.Events": "1.152.0",
          "Amazon.CDK.AWS.IAM": "1.152.0",
          "Amazon.CDK.AWS.KMS": "1.152.0",
          "Amazon.CDK.AWS.Logs": "1.152.0",
          "Amazon.CDK.AWS.S3": "1.152.0",
          "Amazon.CDK.AWS.S3.Assets": "1.152.0",
          "Amazon.CDK.AWS.SNS": "1.152.0",
          "Amazon.CDK.AWS.SQS": "1.152.0",
          "Amazon.CDK.AWS.Signer": "1.152.0",
          "Amazon.CDK.CXAPI": "1.152.0",
          "Amazon.CDK.ECR.Assets": "1.152.0",
          "Amazon.CDK.RegionInfo": "1.152.0",
          "Amazon.JSII.Runtime": "[1.55.1, 2.0.0)",
          "Constructs": "[3.3.69, 4.0.0)"
        }
      },
      "Amazon.CDK.AWS.Logs": {
        "type": "Transitive",
        "resolved": "1.152.0",
        "contentHash": "ANPd3ZPRKfvYTmzkI7vMZ6uI/8rGuBUhJS11XNUhX4was3cbsGRh2jFStAScdmDgD0pnaNSRKQqAjGa1qcxjbw==",
        "dependencies": {
          "Amazon.CDK": "1.152.0",
          "Amazon.CDK.AWS.CloudWatch": "1.152.0",
          "Amazon.CDK.AWS.IAM": "1.152.0",
          "Amazon.CDK.AWS.KMS": "1.152.0",
          "Amazon.CDK.AWS.S3.Assets": "1.152.0",
          "Amazon.CDK.CXAPI": "1.152.0",
          "Amazon.JSII.Runtime": "[1.55.1, 2.0.0)",
          "Constructs": "[3.3.69, 4.0.0)"
        }
      },
      "Amazon.CDK.AWS.OpenSearchService": {
        "type": "Transitive",
        "resolved": "1.152.0",
        "contentHash": "jE7cM+dqnCuGMPwADcJYji0/aZd6W5uQY8BV7TaeN8Pb5oCWjuFslICfRfA7OIrQA1iRX7f+pOPvdeGjpdDQQw==",
        "dependencies": {
          "Amazon.CDK": "1.152.0",
          "Amazon.CDK.AWS.CertificateManager": "1.152.0",
          "Amazon.CDK.AWS.CloudWatch": "1.152.0",
          "Amazon.CDK.AWS.CustomResources": "1.152.0",
          "Amazon.CDK.AWS.EC2": "1.152.0",
          "Amazon.CDK.AWS.IAM": "1.152.0",
          "Amazon.CDK.AWS.KMS": "1.152.0",
          "Amazon.CDK.AWS.Logs": "1.152.0",
          "Amazon.CDK.AWS.Route53": "1.152.0",
          "Amazon.CDK.AWS.SecretsManager": "1.152.0",
          "Amazon.JSII.Runtime": "[1.55.1, 2.0.0)",
          "Constructs": "[3.3.69, 4.0.0)"
        }
      },
      "Amazon.CDK.AWS.RDS": {
        "type": "Transitive",
        "resolved": "1.152.0",
        "contentHash": "zed0ls0Uer68JoEKQtpP+ofS/s6fhKqYxaQjMwApLZVTP8eQ81/IRDW3k9yRKKldamuLn183t5GCeKbJ7mX8Mg==",
        "dependencies": {
          "Amazon.CDK": "1.152.0",
          "Amazon.CDK.AWS.CloudWatch": "1.152.0",
          "Amazon.CDK.AWS.EC2": "1.152.0",
          "Amazon.CDK.AWS.Events": "1.152.0",
          "Amazon.CDK.AWS.IAM": "1.152.0",
          "Amazon.CDK.AWS.KMS": "1.152.0",
          "Amazon.CDK.AWS.Logs": "1.152.0",
          "Amazon.CDK.AWS.S3": "1.152.0",
          "Amazon.CDK.AWS.SecretsManager": "1.152.0",
          "Amazon.CDK.CXAPI": "1.152.0",
          "Amazon.JSII.Runtime": "[1.55.1, 2.0.0)",
          "Constructs": "[3.3.69, 4.0.0)"
        }
      },
      "Amazon.CDK.AWS.Route53": {
        "type": "Transitive",
        "resolved": "1.152.0",
        "contentHash": "8EKHF83DXrIX/u99W6Yy1knAx+IhiuKEJNUXsSgYf1jkl3WsEblLCttgkq8L4NnLGXNatFDwjAp/2OM2W15L/A==",
        "dependencies": {
          "Amazon.CDK": "1.152.0",
          "Amazon.CDK.AWS.CustomResources": "1.152.0",
          "Amazon.CDK.AWS.EC2": "1.152.0",
          "Amazon.CDK.AWS.IAM": "1.152.0",
          "Amazon.CDK.AWS.Logs": "1.152.0",
          "Amazon.CDK.CloudAssembly.Schema": "1.152.0",
          "Amazon.JSII.Runtime": "[1.55.1, 2.0.0)",
          "Constructs": "[3.3.69, 4.0.0)"
        }
      },
      "Amazon.CDK.AWS.S3": {
        "type": "Transitive",
        "resolved": "1.152.0",
        "contentHash": "Ph1Vm68aXX6izi/oqPqGsGAjbmDzwfhD4bGdjbky7VGxUv8lvnmFfCTAM9x00tFwgfuD1IUcvlYPE5kS8PskjA==",
        "dependencies": {
          "Amazon.CDK": "1.152.0",
          "Amazon.CDK.AWS.Events": "1.152.0",
          "Amazon.CDK.AWS.IAM": "1.152.0",
          "Amazon.CDK.AWS.KMS": "1.152.0",
          "Amazon.CDK.CXAPI": "1.152.0",
          "Amazon.JSII.Runtime": "[1.55.1, 2.0.0)",
          "Constructs": "[3.3.69, 4.0.0)"
        }
      },
      "Amazon.CDK.AWS.S3.Assets": {
        "type": "Transitive",
        "resolved": "1.152.0",
        "contentHash": "UfeH97dsuhyfhMQsXyprFyVO57+7Tcly05n5R9jWP3SUyumeL/i+tNxgZeYomEOGmhPloMI2wCuHKdNoGeF5zQ==",
        "dependencies": {
          "Amazon.CDK": "1.152.0",
          "Amazon.CDK.AWS.IAM": "1.152.0",
          "Amazon.CDK.AWS.KMS": "1.152.0",
          "Amazon.CDK.AWS.S3": "1.152.0",
          "Amazon.CDK.Assets": "1.152.0",
          "Amazon.CDK.CXAPI": "1.152.0",
          "Amazon.JSII.Runtime": "[1.55.1, 2.0.0)",
          "Constructs": "[3.3.69, 4.0.0)"
        }
      },
      "Amazon.CDK.AWS.SAM": {
        "type": "Transitive",
        "resolved": "1.152.0",
        "contentHash": "toUIGgQJKKqmkE0GFsYws43QnyPzJ4Hbvtm3kszX4NBlI/QhGOkc93ZRVgzsHAgY6KTx8YYR+7Wj9Chxe/uFWw==",
        "dependencies": {
          "Amazon.CDK": "1.152.0",
          "Amazon.JSII.Runtime": "[1.55.1, 2.0.0)",
          "Constructs": "[3.3.69, 4.0.0)"
        }
      },
      "Amazon.CDK.AWS.SecretsManager": {
        "type": "Transitive",
        "resolved": "1.152.0",
        "contentHash": "Jram2vuGaUpkFY0Nt12JiUW372Pru2okBBk3l76S3jqaUx+a1K3vYXIHMHpkaQl/aLlQtKP9Gwlvt3y6ErxFFA==",
        "dependencies": {
          "Amazon.CDK": "1.152.0",
          "Amazon.CDK.AWS.EC2": "1.152.0",
          "Amazon.CDK.AWS.IAM": "1.152.0",
          "Amazon.CDK.AWS.KMS": "1.152.0",
          "Amazon.CDK.AWS.Lambda": "1.152.0",
          "Amazon.CDK.AWS.SAM": "1.152.0",
          "Amazon.CDK.CXAPI": "1.152.0",
          "Amazon.JSII.Runtime": "[1.55.1, 2.0.0)",
          "Constructs": "[3.3.69, 4.0.0)"
        }
      },
      "Amazon.CDK.AWS.Signer": {
        "type": "Transitive",
        "resolved": "1.152.0",
        "contentHash": "NmjZBMqCEqsuzXYGJy3kS7pgtTJI3JuK4z3IF1v+/kr97mjRBTkPTLkmGS2HFsvBe5FXfsCA3MDyfqOfV7B7aA==",
        "dependencies": {
          "Amazon.CDK": "1.152.0",
          "Amazon.JSII.Runtime": "[1.55.1, 2.0.0)",
          "Constructs": "[3.3.69, 4.0.0)"
        }
      },
      "Amazon.CDK.AWS.SNS": {
        "type": "Transitive",
        "resolved": "1.152.0",
        "contentHash": "vJ9Bt8B4v34LBa0DkJsQFcoAz5M/cpoMGFk8auM+5HGMUOnG7j8ON2R8gOKTBCLPHPy5xCsbS2l1wi/3fhVFLw==",
        "dependencies": {
          "Amazon.CDK": "1.152.0",
          "Amazon.CDK.AWS.CloudWatch": "1.152.0",
          "Amazon.CDK.AWS.CodeStarNotifications": "1.152.0",
          "Amazon.CDK.AWS.Events": "1.152.0",
          "Amazon.CDK.AWS.IAM": "1.152.0",
          "Amazon.CDK.AWS.KMS": "1.152.0",
          "Amazon.CDK.AWS.SQS": "1.152.0",
          "Amazon.JSII.Runtime": "[1.55.1, 2.0.0)",
          "Constructs": "[3.3.69, 4.0.0)"
        }
      },
      "Amazon.CDK.AWS.SQS": {
        "type": "Transitive",
        "resolved": "1.152.0",
        "contentHash": "SCUsNY2bunMyWtOGzwSncWGPpNx7262huUuZJjX3Pq+ElKBIG/3F0spkdgJdSN0iqd9rsBenYoQ99jC8uyRD3Q==",
        "dependencies": {
          "Amazon.CDK": "1.152.0",
          "Amazon.CDK.AWS.CloudWatch": "1.152.0",
          "Amazon.CDK.AWS.IAM": "1.152.0",
          "Amazon.CDK.AWS.KMS": "1.152.0",
          "Amazon.JSII.Runtime": "[1.55.1, 2.0.0)",
          "Constructs": "[3.3.69, 4.0.0)"
        }
      },
      "Amazon.CDK.AWS.SSM": {
        "type": "Transitive",
        "resolved": "1.152.0",
        "contentHash": "ndHMyBA3KinsPEUYhBJ7AADB11EruBFWn/roZRnOBw8exWiAJ1OJXQW9gk6D1OOOAD767GZ1jbzjpXRlOYd1lQ==",
        "dependencies": {
          "Amazon.CDK": "1.152.0",
          "Amazon.CDK.AWS.IAM": "1.152.0",
          "Amazon.CDK.AWS.KMS": "1.152.0",
          "Amazon.CDK.CloudAssembly.Schema": "1.152.0",
          "Amazon.JSII.Runtime": "[1.55.1, 2.0.0)",
          "Constructs": "[3.3.69, 4.0.0)"
        }
      },
      "Amazon.CDK.CloudAssembly.Schema": {
        "type": "Transitive",
        "resolved": "1.152.0",
        "contentHash": "6t2xoNm5tBWZys/qlYk7zF737+CL4BO87IBIbU+yAPDT/TmKFAbZggzfqV6f0uUGKf6Y7go3+ylW9aKlEZ/WBQ==",
        "dependencies": {
          "Amazon.JSII.Runtime": "[1.55.1, 2.0.0)"
        }
      },
      "Amazon.CDK.CXAPI": {
        "type": "Transitive",
        "resolved": "1.152.0",
        "contentHash": "O2jFJmAS8W1glS0y46VZALb+N0D4uOEuZU8U6qa66Kz/oYo8n/VJMg1I9kZwQsBwYHOzGPmpwXz1Thqoan7deA==",
        "dependencies": {
          "Amazon.CDK.CloudAssembly.Schema": "1.152.0",
          "Amazon.JSII.Runtime": "[1.55.1, 2.0.0)"
        }
      },
      "Amazon.CDK.ECR.Assets": {
        "type": "Transitive",
        "resolved": "1.152.0",
        "contentHash": "xWWNLPxKnewa9lhgiXXEhMGmbB1gPEXcTowHra25vKiaBO8HjYTnvkDX3LwowB3HXgadezH/bI/BQhiV4WgPfQ==",
        "dependencies": {
          "Amazon.CDK": "1.152.0",
          "Amazon.CDK.AWS.ECR": "1.152.0",
          "Amazon.CDK.AWS.IAM": "1.152.0",
          "Amazon.CDK.AWS.S3": "1.152.0",
          "Amazon.CDK.Assets": "1.152.0",
          "Amazon.CDK.CXAPI": "1.152.0",
          "Amazon.JSII.Runtime": "[1.55.1, 2.0.0)",
          "Constructs": "[3.3.69, 4.0.0)"
        }
      },
      "Amazon.CDK.RegionInfo": {
        "type": "Transitive",
        "resolved": "1.152.0",
        "contentHash": "4H0J35BrtwsfJBeDBpCl/wm5tmEo1P7gHldsBEtcHRH7YNXjIhVc57h0ErFUngp4YmDgjkriusJ1G0BSRSGJpw==",
        "dependencies": {
          "Amazon.JSII.Runtime": "[1.55.1, 2.0.0)"
        }
      },
      "Amazon.JSII.Runtime": {
        "type": "Transitive",
        "resolved": "1.55.1",
        "contentHash": "xFXgob1LHUEbPlAAtjImFQjp+STOjnq5vZPq86xH0k9D8f5e0wGd7HhA7z9IIGIerou/C2V2pGyst1ber9nnmQ==",
        "dependencies": {
          "Microsoft.Extensions.DependencyInjection": "6.0.0",
          "Microsoft.Extensions.Logging": "5.0.0",
          "Microsoft.Extensions.Logging.Console": "5.0.0",
          "Newtonsoft.Json": "13.0.1"
        }
      },
      "Constructs": {
        "type": "Transitive",
        "resolved": "3.3.69",
        "contentHash": "bokQf6+jwS1bU4HA+GgtvYunR+iaQnOrqJ/ufXrkT8OdsT51/6MAyah+TUcUbq/jj4XZ6b92gZYN74v+mPsImA==",
        "dependencies": {
          "Amazon.JSII.Runtime": "[1.26.0, 2.0.0)"
        }
      },
      "Microsoft.Extensions.Configuration": {
        "type": "Transitive",
        "resolved": "5.0.0",
        "contentHash": "LN322qEKHjuVEhhXueTUe7RNePooZmS8aGid5aK2woX3NPjSnONFyKUc6+JknOS6ce6h2tCLfKPTBXE3mN/6Ag==",
        "dependencies": {
          "Microsoft.Extensions.Configuration.Abstractions": "5.0.0",
          "Microsoft.Extensions.Primitives": "5.0.0"
        }
      },
      "Microsoft.Extensions.Configuration.Abstractions": {
        "type": "Transitive",
        "resolved": "5.0.0",
        "contentHash": "ETjSBHMp3OAZ4HxGQYpwyGsD8Sw5FegQXphi0rpoGMT74S4+I2mm7XJEswwn59XAaKOzC15oDSOWEE8SzDCd6Q==",
        "dependencies": {
          "Microsoft.Extensions.Primitives": "5.0.0"
        }
      },
      "Microsoft.Extensions.Configuration.Binder": {
        "type": "Transitive",
        "resolved": "5.0.0",
        "contentHash": "Of1Irt1+NzWO+yEYkuDh5TpT4On7LKl98Q9iLqCdOZps6XXEWDj3AKtmyvzJPVXZe4apmkJJIiDL7rR1yC+hjQ==",
        "dependencies": {
          "Microsoft.Extensions.Configuration.Abstractions": "5.0.0"
        }
      },
      "Microsoft.Extensions.DependencyInjection": {
        "type": "Transitive",
        "resolved": "6.0.0",
        "contentHash": "k6PWQMuoBDGGHOQTtyois2u4AwyVcIwL2LaSLlTZQm2CYcJ1pxbt6jfAnpWmzENA/wfrYRI/X9DTLoUkE4AsLw==",
        "dependencies": {
          "Microsoft.Extensions.DependencyInjection.Abstractions": "6.0.0",
          "System.Runtime.CompilerServices.Unsafe": "6.0.0"
        }
      },
      "Microsoft.Extensions.DependencyInjection.Abstractions": {
        "type": "Transitive",
        "resolved": "6.0.0",
        "contentHash": "xlzi2IYREJH3/m6+lUrQlujzX8wDitm4QGnUu6kUXTQAWPuZY8i+ticFJbzfqaetLA6KR/rO6Ew/HuYD+bxifg=="
      },
      "Microsoft.Extensions.Logging": {
        "type": "Transitive",
        "resolved": "5.0.0",
        "contentHash": "MgOwK6tPzB6YNH21wssJcw/2MKwee8b2gI7SllYfn6rvTpIrVvVS5HAjSU2vqSku1fwqRvWP0MdIi14qjd93Aw==",
        "dependencies": {
          "Microsoft.Extensions.DependencyInjection": "5.0.0",
          "Microsoft.Extensions.DependencyInjection.Abstractions": "5.0.0",
          "Microsoft.Extensions.Logging.Abstractions": "5.0.0",
          "Microsoft.Extensions.Options": "5.0.0"
        }
      },
      "Microsoft.Extensions.Logging.Abstractions": {
        "type": "Transitive",
        "resolved": "5.0.0",
        "contentHash": "NxP6ahFcBnnSfwNBi2KH2Oz8Xl5Sm2krjId/jRR3I7teFphwiUoUeZPwTNA21EX+5PtjqmyAvKaOeBXcJjcH/w=="
      },
      "Microsoft.Extensions.Logging.Configuration": {
        "type": "Transitive",
        "resolved": "5.0.0",
        "contentHash": "N3/d0HeMRnBekadbZlmbp+In8EvNNkQHSdbtRzjrGVckdZWpYs5GNrAfaYqVplDFW0WUedSaFJ3khB50BWYGsw==",
        "dependencies": {
          "Microsoft.Extensions.Configuration": "5.0.0",
          "Microsoft.Extensions.Configuration.Abstractions": "5.0.0",
          "Microsoft.Extensions.Configuration.Binder": "5.0.0",
          "Microsoft.Extensions.DependencyInjection.Abstractions": "5.0.0",
          "Microsoft.Extensions.Logging": "5.0.0",
          "Microsoft.Extensions.Logging.Abstractions": "5.0.0",
          "Microsoft.Extensions.Options": "5.0.0",
          "Microsoft.Extensions.Options.ConfigurationExtensions": "5.0.0"
        }
      },
      "Microsoft.Extensions.Logging.Console": {
        "type": "Transitive",
        "resolved": "5.0.0",
        "contentHash": "jH0wbWhfvXjOVmCkbra4vbiovDtTUIWLQjCeJ7Xun3h4AHvwfzm7V7wlsXKs3tNnPrsCxZ9oaV0vUAgGY1JxOA==",
        "dependencies": {
          "Microsoft.Extensions.Configuration.Abstractions": "5.0.0",
          "Microsoft.Extensions.DependencyInjection.Abstractions": "5.0.0",
          "Microsoft.Extensions.Logging": "5.0.0",
          "Microsoft.Extensions.Logging.Abstractions": "5.0.0",
          "Microsoft.Extensions.Logging.Configuration": "5.0.0",
          "Microsoft.Extensions.Options": "5.0.0",
          "Microsoft.Extensions.Options.ConfigurationExtensions": "5.0.0"
        }
      },
      "Microsoft.Extensions.Options": {
        "type": "Transitive",
        "resolved": "5.0.0",
        "contentHash": "CBvR92TCJ5uBIdd9/HzDSrxYak+0W/3+yxrNg8Qm6Bmrkh5L+nu6m3WeazQehcZ5q1/6dDA7J5YdQjim0165zg==",
        "dependencies": {
          "Microsoft.Extensions.DependencyInjection.Abstractions": "5.0.0",
          "Microsoft.Extensions.Primitives": "5.0.0"
        }
      },
      "Microsoft.Extensions.Options.ConfigurationExtensions": {
        "type": "Transitive",
        "resolved": "5.0.0",
        "contentHash": "280RxNJqOeQqq47aJLy5D9LN61CAWeuRA83gPToQ8B9jl9SNdQ5EXjlfvF66zQI5AXMl+C/3hGnbtIEN+X3mqA==",
        "dependencies": {
          "Microsoft.Extensions.Configuration.Abstractions": "5.0.0",
          "Microsoft.Extensions.Configuration.Binder": "5.0.0",
          "Microsoft.Extensions.DependencyInjection.Abstractions": "5.0.0",
          "Microsoft.Extensions.Options": "5.0.0",
          "Microsoft.Extensions.Primitives": "5.0.0"
        }
      },
      "Microsoft.Extensions.Primitives": {
        "type": "Transitive",
        "resolved": "5.0.0",
        "contentHash": "cI/VWn9G1fghXrNDagX9nYaaB/nokkZn0HYAawGaELQrl8InSezfe9OnfPZLcJq3esXxygh3hkq2c3qoV3SDyQ=="
      },
      "Newtonsoft.Json": {
        "type": "Transitive",
        "resolved": "13.0.1",
        "contentHash": "ppPFpBcvxdsfUonNcvITKqLl3bqxWbDCZIzDWHzjpdAHRFfZe0Dw9HmA0+za13IdyrgJwpkDTDA9fHaxOrt20A=="
      },
      "System.Runtime.CompilerServices.Unsafe": {
        "type": "Transitive",
        "resolved": "6.0.0",
        "contentHash": "/iUeP3tq1S0XdNNoMz5C9twLSrM/TH+qElHkXWaPvuNOt+99G75NrV0OS2EqHx5wMN7popYjpc8oTjC1y16DLg=="
      },
      "alloverit": {
        "type": "Project",
        "dependencies": {
          "AllOverIt.Assertion": "5.0.0"
        }
      },
      "alloverit.assertion": {
        "type": "Project"
      },
      "alloverit.aws.cdk.appsync": {
        "type": "Project",
        "dependencies": {
          "AllOverIt": "5.0.0",
          "Amazon.CDK.AWS.AppSync": "1.152.0"
        }
      }
    }
  }
}