{
  "version": 1,
  "dependencies": {
    "net6.0": {
      "Amazon.CDK": {
        "type": "Transitive",
        "resolved": "1.172.0",
        "contentHash": "vw2l/etb/fHFYKtVXtvwdhsjDyHRvJtWQ9m5SOoK3auQ2Rjf3VKHYnbv05jQnaeEIMx07fy5r0xP08vX42DNPg==",
        "dependencies": {
          "Amazon.CDK.CXAPI": "1.172.0",
          "Amazon.CDK.CloudAssembly.Schema": "1.172.0",
          "Amazon.CDK.RegionInfo": "1.172.0",
          "Amazon.JSII.Runtime": "[1.67.0, 2.0.0)",
          "Constructs": "[3.3.69, 4.0.0)"
        }
      },
      "Amazon.CDK.Assets": {
        "type": "Transitive",
        "resolved": "1.172.0",
        "contentHash": "XczYpxEgfLuy/v95xfeoSVnMvxD6NObmIdWZcI+YTmzWIZVXvEU5tc+LC9xAN8JbQGZ3kjLs0il/lAc0Z6RZZA==",
        "dependencies": {
          "Amazon.CDK": "1.172.0",
          "Amazon.CDK.CXAPI": "1.172.0",
          "Amazon.JSII.Runtime": "[1.67.0, 2.0.0)",
          "Constructs": "[3.3.69, 4.0.0)"
        }
      },
      "Amazon.CDK.AWS.ACMPCA": {
        "type": "Transitive",
        "resolved": "1.172.0",
        "contentHash": "j0VpYVmBRSgtpgipBz2XDTplgQyxygjffTS4NpTkr58BIWUeSgLWwQGN8F0r43x90nEmk22VjTmy1c0P0I44Pg==",
        "dependencies": {
          "Amazon.CDK": "1.172.0",
          "Amazon.JSII.Runtime": "[1.67.0, 2.0.0)",
          "Constructs": "[3.3.69, 4.0.0)"
        }
      },
      "Amazon.CDK.AWS.ApplicationAutoScaling": {
        "type": "Transitive",
        "resolved": "1.172.0",
        "contentHash": "J1y+pBLf3RIschuYF7Yn52v3ilV1eCEm7O57HQiRJURFI4S8l8QkEPl/Wut+m1X9E58wNn4jWwLcMn/S6TzZ7Q==",
        "dependencies": {
          "Amazon.CDK": "1.172.0",
          "Amazon.CDK.AWS.AutoScaling.Common": "1.172.0",
          "Amazon.CDK.AWS.CloudWatch": "1.172.0",
          "Amazon.CDK.AWS.IAM": "1.172.0",
          "Amazon.JSII.Runtime": "[1.67.0, 2.0.0)",
          "Constructs": "[3.3.69, 4.0.0)"
        }
      },
      "Amazon.CDK.AWS.AppSync": {
        "type": "Transitive",
        "resolved": "1.172.0",
        "contentHash": "pQGY8d2ql0tTesic/uxBw31gAP44hOzCO/6XcNITYv8KRODmPwYAcmTjajAM5jkJS4azWqlrIHxCHD26fFFQ7A==",
        "dependencies": {
          "Amazon.CDK": "1.172.0",
          "Amazon.CDK.AWS.CertificateManager": "1.172.0",
          "Amazon.CDK.AWS.Cognito": "1.172.0",
          "Amazon.CDK.AWS.DynamoDB": "1.172.0",
          "Amazon.CDK.AWS.EC2": "1.172.0",
          "Amazon.CDK.AWS.Elasticsearch": "1.172.0",
          "Amazon.CDK.AWS.IAM": "1.172.0",
          "Amazon.CDK.AWS.Lambda": "1.172.0",
          "Amazon.CDK.AWS.OpenSearchService": "1.172.0",
          "Amazon.CDK.AWS.RDS": "1.172.0",
          "Amazon.CDK.AWS.S3.Assets": "1.172.0",
          "Amazon.CDK.AWS.SecretsManager": "1.172.0",
          "Amazon.JSII.Runtime": "[1.67.0, 2.0.0)",
          "Constructs": "[3.3.69, 4.0.0)"
        }
      },
      "Amazon.CDK.AWS.AutoScaling.Common": {
        "type": "Transitive",
        "resolved": "1.172.0",
        "contentHash": "ChlVQlyUtl7fS/ydUQSoPWqUDMf98dqLpZ8a0A4+V4lsFUw1h0QEMMFLO8kB1k3i9hYMnLU6WushFXu9bmmKJA==",
        "dependencies": {
          "Amazon.CDK": "1.172.0",
          "Amazon.CDK.AWS.IAM": "1.172.0",
          "Amazon.JSII.Runtime": "[1.67.0, 2.0.0)",
          "Constructs": "[3.3.69, 4.0.0)"
        }
      },
      "Amazon.CDK.AWS.CertificateManager": {
        "type": "Transitive",
        "resolved": "1.172.0",
        "contentHash": "bqG31G5EQkuy8gOKKNGZdBHEi1HiJke4NGu4/7TmAGUvE7B18RWZD7IwHYMRj9y3ZxuTBhOyi1diQI3dFTk2sg==",
        "dependencies": {
          "Amazon.CDK": "1.172.0",
          "Amazon.CDK.AWS.ACMPCA": "1.172.0",
          "Amazon.CDK.AWS.CloudWatch": "1.172.0",
          "Amazon.CDK.AWS.IAM": "1.172.0",
          "Amazon.CDK.AWS.Lambda": "1.172.0",
          "Amazon.CDK.AWS.Route53": "1.172.0",
          "Amazon.JSII.Runtime": "[1.67.0, 2.0.0)",
          "Constructs": "[3.3.69, 4.0.0)"
        }
      },
      "Amazon.CDK.AWS.CloudFormation": {
        "type": "Transitive",
        "resolved": "1.172.0",
        "contentHash": "OvcwesV8oETvSKZLxifEdToK+43EtoZ5mLfVi6MxwHokZBVnHfKvWh2tWcc6GJO5ZAiJFNClqw6c+HJ/xe6YLQ==",
        "dependencies": {
          "Amazon.CDK": "1.172.0",
          "Amazon.CDK.AWS.IAM": "1.172.0",
          "Amazon.CDK.AWS.Lambda": "1.172.0",
          "Amazon.CDK.AWS.S3": "1.172.0",
          "Amazon.CDK.AWS.SNS": "1.172.0",
          "Amazon.CDK.CXAPI": "1.172.0",
          "Amazon.JSII.Runtime": "[1.67.0, 2.0.0)",
          "Constructs": "[3.3.69, 4.0.0)"
        }
      },
      "Amazon.CDK.AWS.CloudWatch": {
        "type": "Transitive",
        "resolved": "1.172.0",
        "contentHash": "UenirLug+8XGqtNPpgfEOA17kO37Ikm/53AJVAQxx0k4xqufFY0EpdEZvMSt/X7NFf7xHqY7Tz2sfp6gZxd45g==",
        "dependencies": {
          "Amazon.CDK": "1.172.0",
          "Amazon.CDK.AWS.IAM": "1.172.0",
          "Amazon.JSII.Runtime": "[1.67.0, 2.0.0)",
          "Constructs": "[3.3.69, 4.0.0)"
        }
      },
      "Amazon.CDK.AWS.CodeGuruProfiler": {
        "type": "Transitive",
        "resolved": "1.172.0",
        "contentHash": "uBtxVPrNQzpJx+6Vszn+VXRmAblK9FN1lEBRibsmJZQbxTiCTCAIIq2eOm2y/JHN1KPK9M013kZ0E6uvUPjfOg==",
        "dependencies": {
          "Amazon.CDK": "1.172.0",
          "Amazon.CDK.AWS.IAM": "1.172.0",
          "Amazon.JSII.Runtime": "[1.67.0, 2.0.0)",
          "Constructs": "[3.3.69, 4.0.0)"
        }
      },
      "Amazon.CDK.AWS.CodeStarNotifications": {
        "type": "Transitive",
        "resolved": "1.172.0",
        "contentHash": "OBhtXjEOdmDW5pJXdOTF8xDztGRjhbERJdp7VoLDc/abAMX58kRDjaaqjp4JeMSGduWE0T6zgtKCd8onqc+kXQ==",
        "dependencies": {
          "Amazon.CDK": "1.172.0",
          "Amazon.JSII.Runtime": "[1.67.0, 2.0.0)",
          "Constructs": "[3.3.69, 4.0.0)"
        }
      },
      "Amazon.CDK.AWS.Cognito": {
        "type": "Transitive",
        "resolved": "1.172.0",
        "contentHash": "JelplAeU9ORUeEtxZqnrKMbMG9Et2PHcUbS7GzdFKmQXivH5dU0B3Sz+Kx+Eur3ylP1LSF1jKvhml/FPQZgxRQ==",
        "dependencies": {
          "Amazon.CDK": "1.172.0",
          "Amazon.CDK.AWS.CertificateManager": "1.172.0",
          "Amazon.CDK.AWS.CustomResources": "1.172.0",
          "Amazon.CDK.AWS.IAM": "1.172.0",
          "Amazon.CDK.AWS.KMS": "1.172.0",
          "Amazon.CDK.AWS.Lambda": "1.172.0",
          "Amazon.JSII.Runtime": "[1.67.0, 2.0.0)",
          "Constructs": "[3.3.69, 4.0.0)"
        }
      },
      "Amazon.CDK.AWS.CustomResources": {
        "type": "Transitive",
        "resolved": "1.172.0",
        "contentHash": "mpVmMv5tji0RVw34T0KJdBNSC+oXyTlN7Qqq7C7MVM03dxYRtlHpNn5GXyJb2kk5U+7HAr7MyMlr6nFbHK6QYg==",
        "dependencies": {
          "Amazon.CDK": "1.172.0",
          "Amazon.CDK.AWS.CloudFormation": "1.172.0",
          "Amazon.CDK.AWS.EC2": "1.172.0",
          "Amazon.CDK.AWS.IAM": "1.172.0",
          "Amazon.CDK.AWS.Lambda": "1.172.0",
          "Amazon.CDK.AWS.Logs": "1.172.0",
          "Amazon.CDK.AWS.SNS": "1.172.0",
          "Amazon.JSII.Runtime": "[1.67.0, 2.0.0)",
          "Constructs": "[3.3.69, 4.0.0)"
        }
      },
      "Amazon.CDK.AWS.DynamoDB": {
        "type": "Transitive",
        "resolved": "1.172.0",
        "contentHash": "juErR5/6BcZG3MTt5P9jTKw+A0n+XqvM+On7NyoW9cgh5NJYfrI8KJ7vzwiDUsKOgWrGMjfPy5mlOchtYoc8cg==",
        "dependencies": {
          "Amazon.CDK": "1.172.0",
          "Amazon.CDK.AWS.ApplicationAutoScaling": "1.172.0",
          "Amazon.CDK.AWS.CloudWatch": "1.172.0",
          "Amazon.CDK.AWS.CustomResources": "1.172.0",
          "Amazon.CDK.AWS.IAM": "1.172.0",
          "Amazon.CDK.AWS.KMS": "1.172.0",
          "Amazon.CDK.AWS.Kinesis": "1.172.0",
          "Amazon.CDK.AWS.Lambda": "1.172.0",
          "Amazon.JSII.Runtime": "[1.67.0, 2.0.0)",
          "Constructs": "[3.3.69, 4.0.0)"
        }
      },
      "Amazon.CDK.AWS.EC2": {
        "type": "Transitive",
        "resolved": "1.172.0",
        "contentHash": "jacltj9f3O3RDgsqfahx2ESnHs6IDqlkEd+dqUOIX4/GCBA8lGwQTRprzBuqmti1PNdHMQc/L32bDe3Y89yBmA==",
        "dependencies": {
          "Amazon.CDK": "1.172.0",
          "Amazon.CDK.AWS.CloudWatch": "1.172.0",
          "Amazon.CDK.AWS.IAM": "1.172.0",
          "Amazon.CDK.AWS.KMS": "1.172.0",
          "Amazon.CDK.AWS.Logs": "1.172.0",
          "Amazon.CDK.AWS.S3": "1.172.0",
          "Amazon.CDK.AWS.S3.Assets": "1.172.0",
          "Amazon.CDK.AWS.SSM": "1.172.0",
          "Amazon.CDK.CXAPI": "1.172.0",
          "Amazon.CDK.CloudAssembly.Schema": "1.172.0",
          "Amazon.CDK.RegionInfo": "1.172.0",
          "Amazon.JSII.Runtime": "[1.67.0, 2.0.0)",
          "Constructs": "[3.3.69, 4.0.0)"
        }
      },
      "Amazon.CDK.AWS.ECR": {
        "type": "Transitive",
        "resolved": "1.172.0",
        "contentHash": "g19aqzbpnOiNZ5hFKxJLkOMaVC/mnBU11A0fS1o/v82GUCEj8RxsmJOSWpwp+BHDmScMr3yZldmfILmz2z7Yjw==",
        "dependencies": {
          "Amazon.CDK": "1.172.0",
          "Amazon.CDK.AWS.Events": "1.172.0",
          "Amazon.CDK.AWS.IAM": "1.172.0",
          "Amazon.CDK.AWS.KMS": "1.172.0",
          "Amazon.JSII.Runtime": "[1.67.0, 2.0.0)",
          "Constructs": "[3.3.69, 4.0.0)"
        }
      },
      "Amazon.CDK.AWS.EFS": {
        "type": "Transitive",
        "resolved": "1.172.0",
        "contentHash": "Mo4QicHU/Xkz134TeHJanrjFiPsQgALRMwXCUrOl2U07jTKKi9wuApBqWIIjus4wrLOPb0ZCgJROWy7pnX4bkg==",
        "dependencies": {
          "Amazon.CDK": "1.172.0",
          "Amazon.CDK.AWS.EC2": "1.172.0",
          "Amazon.CDK.AWS.IAM": "1.172.0",
          "Amazon.CDK.AWS.KMS": "1.172.0",
          "Amazon.CDK.CXAPI": "1.172.0",
          "Amazon.CDK.CloudAssembly.Schema": "1.172.0",
          "Amazon.JSII.Runtime": "[1.67.0, 2.0.0)",
          "Constructs": "[3.3.69, 4.0.0)"
        }
      },
      "Amazon.CDK.AWS.Elasticsearch": {
        "type": "Transitive",
        "resolved": "1.172.0",
        "contentHash": "1gC1CNYoD4Gy4sQ2JEuhwGeacGIPtOXh3yrxPe/OQ3K5USeqlAWg1FkmmPNSISKBe3L3ce4LSr1wKZH4ssR61g==",
        "dependencies": {
          "Amazon.CDK": "1.172.0",
          "Amazon.CDK.AWS.CertificateManager": "1.172.0",
          "Amazon.CDK.AWS.CloudWatch": "1.172.0",
          "Amazon.CDK.AWS.CustomResources": "1.172.0",
          "Amazon.CDK.AWS.EC2": "1.172.0",
          "Amazon.CDK.AWS.IAM": "1.172.0",
          "Amazon.CDK.AWS.KMS": "1.172.0",
          "Amazon.CDK.AWS.Logs": "1.172.0",
          "Amazon.CDK.AWS.Route53": "1.172.0",
          "Amazon.CDK.AWS.SecretsManager": "1.172.0",
          "Amazon.JSII.Runtime": "[1.67.0, 2.0.0)",
          "Constructs": "[3.3.69, 4.0.0)"
        }
      },
      "Amazon.CDK.AWS.Events": {
        "type": "Transitive",
        "resolved": "1.172.0",
        "contentHash": "elPgUwuDWLd8kKx1X5LdfYQo45nwFSGat2qGtl1qs0xo5xudMj6eMDU7HJ0zBuInChwF/ISJvO3pRL3ggehfLg==",
        "dependencies": {
          "Amazon.CDK": "1.172.0",
          "Amazon.CDK.AWS.IAM": "1.172.0",
          "Amazon.JSII.Runtime": "[1.67.0, 2.0.0)",
          "Constructs": "[3.3.69, 4.0.0)"
        }
      },
      "Amazon.CDK.AWS.IAM": {
        "type": "Transitive",
        "resolved": "1.172.0",
        "contentHash": "E9XKlwCHhUNtY8j8fOhAIuxGTempPRH5hQM715JHwHJKeoGKNGMrLxOtN7sGWzL0d0lcrfj63vJhowZjrYUXyA==",
        "dependencies": {
          "Amazon.CDK": "1.172.0",
          "Amazon.CDK.CXAPI": "1.172.0",
          "Amazon.CDK.RegionInfo": "1.172.0",
          "Amazon.JSII.Runtime": "[1.67.0, 2.0.0)",
          "Constructs": "[3.3.69, 4.0.0)"
        }
      },
      "Amazon.CDK.AWS.Kinesis": {
        "type": "Transitive",
        "resolved": "1.172.0",
        "contentHash": "28J7mIrqqd6hSSSp8DvvAPyb9MyDYdT/EOZou1WQHNamFO7A8a98k62fWdgAp7/pEycP2NgHRTVYTo3DHfV7IA==",
        "dependencies": {
          "Amazon.CDK": "1.172.0",
          "Amazon.CDK.AWS.CloudWatch": "1.172.0",
          "Amazon.CDK.AWS.IAM": "1.172.0",
          "Amazon.CDK.AWS.KMS": "1.172.0",
          "Amazon.CDK.AWS.Logs": "1.172.0",
          "Amazon.JSII.Runtime": "[1.67.0, 2.0.0)",
          "Constructs": "[3.3.69, 4.0.0)"
        }
      },
      "Amazon.CDK.AWS.KMS": {
        "type": "Transitive",
        "resolved": "1.172.0",
        "contentHash": "2HLMAB5T4vcZQoLSGwu7IRXWCrHbAPJvraxlxaOg8ph7NuLtIsZEwkdC+fknjR2N8d424W+XeVuGaW0ki9G9hg==",
        "dependencies": {
          "Amazon.CDK": "1.172.0",
          "Amazon.CDK.AWS.IAM": "1.172.0",
          "Amazon.CDK.CXAPI": "1.172.0",
          "Amazon.CDK.CloudAssembly.Schema": "1.172.0",
          "Amazon.JSII.Runtime": "[1.67.0, 2.0.0)",
          "Constructs": "[3.3.69, 4.0.0)"
        }
      },
      "Amazon.CDK.AWS.Lambda": {
        "type": "Transitive",
        "resolved": "1.172.0",
        "contentHash": "qh4JFa2ZyjZ46LlYW79k2+3foml1uHvfG+TIoJPOzsuHy9QXqxD1c8kUydecrVGkKJeM4Hkgtv4bSAk3erF/kA==",
        "dependencies": {
          "Amazon.CDK": "1.172.0",
          "Amazon.CDK.AWS.ApplicationAutoScaling": "1.172.0",
          "Amazon.CDK.AWS.CloudWatch": "1.172.0",
          "Amazon.CDK.AWS.CodeGuruProfiler": "1.172.0",
          "Amazon.CDK.AWS.EC2": "1.172.0",
          "Amazon.CDK.AWS.ECR": "1.172.0",
          "Amazon.CDK.AWS.EFS": "1.172.0",
          "Amazon.CDK.AWS.Events": "1.172.0",
          "Amazon.CDK.AWS.IAM": "1.172.0",
          "Amazon.CDK.AWS.KMS": "1.172.0",
          "Amazon.CDK.AWS.Logs": "1.172.0",
          "Amazon.CDK.AWS.S3": "1.172.0",
          "Amazon.CDK.AWS.S3.Assets": "1.172.0",
          "Amazon.CDK.AWS.SNS": "1.172.0",
          "Amazon.CDK.AWS.SQS": "1.172.0",
          "Amazon.CDK.AWS.Signer": "1.172.0",
          "Amazon.CDK.CXAPI": "1.172.0",
          "Amazon.CDK.ECR.Assets": "1.172.0",
          "Amazon.CDK.RegionInfo": "1.172.0",
          "Amazon.JSII.Runtime": "[1.67.0, 2.0.0)",
          "Constructs": "[3.3.69, 4.0.0)"
        }
      },
      "Amazon.CDK.AWS.Logs": {
        "type": "Transitive",
        "resolved": "1.172.0",
        "contentHash": "RlKkv7IECIFv8HGPngSxRBU6A6PZMslwEGV1Z3w8UQ+feqSYMUTAfGwbTU/lJnYNXMoi9XIfKcq4jQ/aE7xg2g==",
        "dependencies": {
          "Amazon.CDK": "1.172.0",
          "Amazon.CDK.AWS.CloudWatch": "1.172.0",
          "Amazon.CDK.AWS.IAM": "1.172.0",
          "Amazon.CDK.AWS.KMS": "1.172.0",
          "Amazon.CDK.AWS.S3.Assets": "1.172.0",
          "Amazon.CDK.CXAPI": "1.172.0",
          "Amazon.JSII.Runtime": "[1.67.0, 2.0.0)",
          "Constructs": "[3.3.69, 4.0.0)"
        }
      },
      "Amazon.CDK.AWS.OpenSearchService": {
        "type": "Transitive",
        "resolved": "1.172.0",
        "contentHash": "l1rpNSTzFvmQUjwNgzBNO82GZhA9Hgo6uHOZ322/wiLu/P1xfonzJ9BnJe7r+Y3JASzvDoF8P756Z23j8Z6G5g==",
        "dependencies": {
          "Amazon.CDK": "1.172.0",
          "Amazon.CDK.AWS.CertificateManager": "1.172.0",
          "Amazon.CDK.AWS.CloudWatch": "1.172.0",
          "Amazon.CDK.AWS.CustomResources": "1.172.0",
          "Amazon.CDK.AWS.EC2": "1.172.0",
          "Amazon.CDK.AWS.IAM": "1.172.0",
          "Amazon.CDK.AWS.KMS": "1.172.0",
          "Amazon.CDK.AWS.Logs": "1.172.0",
          "Amazon.CDK.AWS.Route53": "1.172.0",
          "Amazon.CDK.AWS.SecretsManager": "1.172.0",
          "Amazon.JSII.Runtime": "[1.67.0, 2.0.0)",
          "Constructs": "[3.3.69, 4.0.0)"
        }
      },
      "Amazon.CDK.AWS.RDS": {
        "type": "Transitive",
        "resolved": "1.172.0",
        "contentHash": "sw0dqIK0v+ecXswY8khNwfvFJatqfOCOU85BmhHbPlGHfVzLdYMiNbGvwp3Ay4DC09hNOdOM1XMKqJ7Zmzx8TA==",
        "dependencies": {
          "Amazon.CDK": "1.172.0",
          "Amazon.CDK.AWS.CloudWatch": "1.172.0",
          "Amazon.CDK.AWS.EC2": "1.172.0",
          "Amazon.CDK.AWS.Events": "1.172.0",
          "Amazon.CDK.AWS.IAM": "1.172.0",
          "Amazon.CDK.AWS.KMS": "1.172.0",
          "Amazon.CDK.AWS.Logs": "1.172.0",
          "Amazon.CDK.AWS.S3": "1.172.0",
          "Amazon.CDK.AWS.SecretsManager": "1.172.0",
          "Amazon.CDK.CXAPI": "1.172.0",
          "Amazon.JSII.Runtime": "[1.67.0, 2.0.0)",
          "Constructs": "[3.3.69, 4.0.0)"
        }
      },
      "Amazon.CDK.AWS.Route53": {
        "type": "Transitive",
        "resolved": "1.172.0",
        "contentHash": "aWtnvMFQQkjzR8kLhUWWoqR0dMbb3XVSBk2+v7a+yTG4lG8L3JK79m4ev75CZxw9+GaM+XRKN2cYAJrnSInjiw==",
        "dependencies": {
          "Amazon.CDK": "1.172.0",
          "Amazon.CDK.AWS.CustomResources": "1.172.0",
          "Amazon.CDK.AWS.EC2": "1.172.0",
          "Amazon.CDK.AWS.IAM": "1.172.0",
          "Amazon.CDK.AWS.Logs": "1.172.0",
          "Amazon.CDK.CloudAssembly.Schema": "1.172.0",
          "Amazon.JSII.Runtime": "[1.67.0, 2.0.0)",
          "Constructs": "[3.3.69, 4.0.0)"
        }
      },
      "Amazon.CDK.AWS.S3": {
        "type": "Transitive",
        "resolved": "1.172.0",
        "contentHash": "13D9WB5fOYWOi9FUCZTjm6uvQaoTN0kgh5TW3k+unKNxF6QCYjIqA65aEgp2ImA412dNA2IZzxYdAXXDU6oYIg==",
        "dependencies": {
          "Amazon.CDK": "1.172.0",
          "Amazon.CDK.AWS.Events": "1.172.0",
          "Amazon.CDK.AWS.IAM": "1.172.0",
          "Amazon.CDK.AWS.KMS": "1.172.0",
          "Amazon.CDK.CXAPI": "1.172.0",
          "Amazon.JSII.Runtime": "[1.67.0, 2.0.0)",
          "Constructs": "[3.3.69, 4.0.0)"
        }
      },
      "Amazon.CDK.AWS.S3.Assets": {
        "type": "Transitive",
        "resolved": "1.172.0",
        "contentHash": "FVLd/L0FWX6229JipMyBZADFnFZ++TTC358GzKk/4fx79iGWvlrhQGLjuPOHSDiitv1L2vERoALJmDncDrYzdQ==",
        "dependencies": {
          "Amazon.CDK": "1.172.0",
          "Amazon.CDK.AWS.IAM": "1.172.0",
          "Amazon.CDK.AWS.KMS": "1.172.0",
          "Amazon.CDK.AWS.S3": "1.172.0",
          "Amazon.CDK.Assets": "1.172.0",
          "Amazon.CDK.CXAPI": "1.172.0",
          "Amazon.JSII.Runtime": "[1.67.0, 2.0.0)",
          "Constructs": "[3.3.69, 4.0.0)"
        }
      },
      "Amazon.CDK.AWS.SAM": {
        "type": "Transitive",
        "resolved": "1.172.0",
        "contentHash": "GmyZOKnEe22c5c8BHqJnsF4IsGM8KWrLyTW48UcseWJ9a4TXoVxONnnz9heivvAOOQ+r1rBBjbtriOL7kLzOmA==",
        "dependencies": {
          "Amazon.CDK": "1.172.0",
          "Amazon.JSII.Runtime": "[1.67.0, 2.0.0)",
          "Constructs": "[3.3.69, 4.0.0)"
        }
      },
      "Amazon.CDK.AWS.SecretsManager": {
        "type": "Transitive",
        "resolved": "1.172.0",
        "contentHash": "TongLiV+rgbfdkj3+tbOnsStAv7nLCIXkVntO505OnwUytKsLxJw8oOoEyzPzJ887tWfUrNgKADPuORnO6nJVQ==",
        "dependencies": {
          "Amazon.CDK": "1.172.0",
          "Amazon.CDK.AWS.EC2": "1.172.0",
          "Amazon.CDK.AWS.IAM": "1.172.0",
          "Amazon.CDK.AWS.KMS": "1.172.0",
          "Amazon.CDK.AWS.Lambda": "1.172.0",
          "Amazon.CDK.AWS.SAM": "1.172.0",
          "Amazon.CDK.CXAPI": "1.172.0",
          "Amazon.JSII.Runtime": "[1.67.0, 2.0.0)",
          "Constructs": "[3.3.69, 4.0.0)"
        }
      },
      "Amazon.CDK.AWS.Signer": {
        "type": "Transitive",
        "resolved": "1.172.0",
        "contentHash": "ll0asEJnicZ+a48UoZeGG3/zNo6B/+xfP0jbgRSjCKWdRDCTNlPt3waK5/4W4a2xtT07iM6h+ujuAyE7SgIGCA==",
        "dependencies": {
          "Amazon.CDK": "1.172.0",
          "Amazon.JSII.Runtime": "[1.67.0, 2.0.0)",
          "Constructs": "[3.3.69, 4.0.0)"
        }
      },
      "Amazon.CDK.AWS.SNS": {
        "type": "Transitive",
        "resolved": "1.172.0",
        "contentHash": "gNSz+Vr8MA/VFjqltkh+BOHExyCPe5J7JpUV7Wa/+to6xmvMqTVhtfNUYANJG+0n/0hx16E+aSPtqCt20joewQ==",
        "dependencies": {
          "Amazon.CDK": "1.172.0",
          "Amazon.CDK.AWS.CloudWatch": "1.172.0",
          "Amazon.CDK.AWS.CodeStarNotifications": "1.172.0",
          "Amazon.CDK.AWS.Events": "1.172.0",
          "Amazon.CDK.AWS.IAM": "1.172.0",
          "Amazon.CDK.AWS.KMS": "1.172.0",
          "Amazon.CDK.AWS.SQS": "1.172.0",
          "Amazon.JSII.Runtime": "[1.67.0, 2.0.0)",
          "Constructs": "[3.3.69, 4.0.0)"
        }
      },
      "Amazon.CDK.AWS.SQS": {
        "type": "Transitive",
        "resolved": "1.172.0",
        "contentHash": "Zyddu2/sv1DXa22xQ4knPCtyHQhc+NlNjyGWoXzkC9ZzFU7+W9NGYR5i02173ZVOIySIVkhr87uRPhV4c8RgQA==",
        "dependencies": {
          "Amazon.CDK": "1.172.0",
          "Amazon.CDK.AWS.CloudWatch": "1.172.0",
          "Amazon.CDK.AWS.IAM": "1.172.0",
          "Amazon.CDK.AWS.KMS": "1.172.0",
          "Amazon.JSII.Runtime": "[1.67.0, 2.0.0)",
          "Constructs": "[3.3.69, 4.0.0)"
        }
      },
      "Amazon.CDK.AWS.SSM": {
        "type": "Transitive",
        "resolved": "1.172.0",
        "contentHash": "95b7+EOlUR/LbDpgWPlw86xthGasteJxlEkakKHpIYF/FCwouTiBhk2tJGFGasEClYvLhUb/yApKZvG7UdcPvg==",
        "dependencies": {
          "Amazon.CDK": "1.172.0",
          "Amazon.CDK.AWS.IAM": "1.172.0",
          "Amazon.CDK.AWS.KMS": "1.172.0",
          "Amazon.CDK.CloudAssembly.Schema": "1.172.0",
          "Amazon.JSII.Runtime": "[1.67.0, 2.0.0)",
          "Constructs": "[3.3.69, 4.0.0)"
        }
      },
      "Amazon.CDK.CloudAssembly.Schema": {
        "type": "Transitive",
        "resolved": "1.172.0",
        "contentHash": "NBKCToXLp8R8Ay6TfbbQA044RLGwMQbqR45oqeHhip0XojTREy2s872zX9LEUjjS4wDZdKpMO8kCIs1S8JDOlg==",
        "dependencies": {
          "Amazon.JSII.Runtime": "[1.67.0, 2.0.0)"
        }
      },
      "Amazon.CDK.CXAPI": {
        "type": "Transitive",
        "resolved": "1.172.0",
        "contentHash": "09w3aYhLhTbl/Jb+C7Qg5fPfY7R89k9IrlkO9SVMuK8uqa2oI4P3DThXoDP2QbWyoPalhmgJ0Utm/3QxmxX/PA==",
        "dependencies": {
          "Amazon.CDK.CloudAssembly.Schema": "1.172.0",
          "Amazon.JSII.Runtime": "[1.67.0, 2.0.0)"
        }
      },
      "Amazon.CDK.ECR.Assets": {
        "type": "Transitive",
        "resolved": "1.172.0",
        "contentHash": "69NVgOERHKZald6ZneZtPN7ccOiJR4GmnNkMbq3zwcGD13rErgKw5B2tV5IPjTrTZwKdWjBZRJkeWrM3UfLMKA==",
        "dependencies": {
          "Amazon.CDK": "1.172.0",
          "Amazon.CDK.AWS.ECR": "1.172.0",
          "Amazon.CDK.AWS.IAM": "1.172.0",
          "Amazon.CDK.AWS.S3": "1.172.0",
          "Amazon.CDK.Assets": "1.172.0",
          "Amazon.CDK.CXAPI": "1.172.0",
          "Amazon.JSII.Runtime": "[1.67.0, 2.0.0)",
          "Constructs": "[3.3.69, 4.0.0)"
        }
      },
      "Amazon.CDK.RegionInfo": {
        "type": "Transitive",
        "resolved": "1.172.0",
        "contentHash": "N8wgjujzQ31YPm8A/R23H625IEntFC37PSahToe4iaIxlOsQbACJWFugcjkd08TuRastDMlenpA9aLfsrdKtcw==",
        "dependencies": {
          "Amazon.JSII.Runtime": "[1.67.0, 2.0.0)"
        }
      },
      "Amazon.JSII.Runtime": {
        "type": "Transitive",
        "resolved": "1.67.0",
        "contentHash": "S7RHFdtyruUEEXdoaMq7mCxOc0/wMrTzO8i1EzYvgOVBVMlkAi/J0+tbLhnTyYuGzkkDdTWv1FkXqxXbU5GRnQ==",
        "dependencies": {
          "Microsoft.Extensions.DependencyInjection": "6.0.0",
          "Microsoft.Extensions.Logging": "5.0.0",
          "Microsoft.Extensions.Logging.Console": "5.0.0",
          "Newtonsoft.Json": "13.0.1"
        }
      },
      "Constructs": {
        "type": "Transitive",
        "resolved": "3.3.69",
        "contentHash": "bokQf6+jwS1bU4HA+GgtvYunR+iaQnOrqJ/ufXrkT8OdsT51/6MAyah+TUcUbq/jj4XZ6b92gZYN74v+mPsImA==",
        "dependencies": {
          "Amazon.JSII.Runtime": "[1.26.0, 2.0.0)"
        }
      },
      "Microsoft.Extensions.Configuration": {
        "type": "Transitive",
        "resolved": "5.0.0",
        "contentHash": "LN322qEKHjuVEhhXueTUe7RNePooZmS8aGid5aK2woX3NPjSnONFyKUc6+JknOS6ce6h2tCLfKPTBXE3mN/6Ag==",
        "dependencies": {
          "Microsoft.Extensions.Configuration.Abstractions": "5.0.0",
          "Microsoft.Extensions.Primitives": "5.0.0"
        }
      },
      "Microsoft.Extensions.Configuration.Abstractions": {
        "type": "Transitive",
        "resolved": "5.0.0",
        "contentHash": "ETjSBHMp3OAZ4HxGQYpwyGsD8Sw5FegQXphi0rpoGMT74S4+I2mm7XJEswwn59XAaKOzC15oDSOWEE8SzDCd6Q==",
        "dependencies": {
          "Microsoft.Extensions.Primitives": "5.0.0"
        }
      },
      "Microsoft.Extensions.Configuration.Binder": {
        "type": "Transitive",
        "resolved": "5.0.0",
        "contentHash": "Of1Irt1+NzWO+yEYkuDh5TpT4On7LKl98Q9iLqCdOZps6XXEWDj3AKtmyvzJPVXZe4apmkJJIiDL7rR1yC+hjQ==",
        "dependencies": {
          "Microsoft.Extensions.Configuration.Abstractions": "5.0.0"
        }
      },
      "Microsoft.Extensions.DependencyInjection": {
        "type": "Transitive",
        "resolved": "6.0.0",
        "contentHash": "k6PWQMuoBDGGHOQTtyois2u4AwyVcIwL2LaSLlTZQm2CYcJ1pxbt6jfAnpWmzENA/wfrYRI/X9DTLoUkE4AsLw==",
        "dependencies": {
          "Microsoft.Extensions.DependencyInjection.Abstractions": "6.0.0",
          "System.Runtime.CompilerServices.Unsafe": "6.0.0"
        }
      },
      "Microsoft.Extensions.DependencyInjection.Abstractions": {
        "type": "Transitive",
        "resolved": "6.0.0",
        "contentHash": "xlzi2IYREJH3/m6+lUrQlujzX8wDitm4QGnUu6kUXTQAWPuZY8i+ticFJbzfqaetLA6KR/rO6Ew/HuYD+bxifg=="
      },
      "Microsoft.Extensions.Logging": {
        "type": "Transitive",
        "resolved": "5.0.0",
        "contentHash": "MgOwK6tPzB6YNH21wssJcw/2MKwee8b2gI7SllYfn6rvTpIrVvVS5HAjSU2vqSku1fwqRvWP0MdIi14qjd93Aw==",
        "dependencies": {
          "Microsoft.Extensions.DependencyInjection": "5.0.0",
          "Microsoft.Extensions.DependencyInjection.Abstractions": "5.0.0",
          "Microsoft.Extensions.Logging.Abstractions": "5.0.0",
          "Microsoft.Extensions.Options": "5.0.0"
        }
      },
      "Microsoft.Extensions.Logging.Abstractions": {
        "type": "Transitive",
        "resolved": "5.0.0",
        "contentHash": "NxP6ahFcBnnSfwNBi2KH2Oz8Xl5Sm2krjId/jRR3I7teFphwiUoUeZPwTNA21EX+5PtjqmyAvKaOeBXcJjcH/w=="
      },
      "Microsoft.Extensions.Logging.Configuration": {
        "type": "Transitive",
        "resolved": "5.0.0",
        "contentHash": "N3/d0HeMRnBekadbZlmbp+In8EvNNkQHSdbtRzjrGVckdZWpYs5GNrAfaYqVplDFW0WUedSaFJ3khB50BWYGsw==",
        "dependencies": {
          "Microsoft.Extensions.Configuration": "5.0.0",
          "Microsoft.Extensions.Configuration.Abstractions": "5.0.0",
          "Microsoft.Extensions.Configuration.Binder": "5.0.0",
          "Microsoft.Extensions.DependencyInjection.Abstractions": "5.0.0",
          "Microsoft.Extensions.Logging": "5.0.0",
          "Microsoft.Extensions.Logging.Abstractions": "5.0.0",
          "Microsoft.Extensions.Options": "5.0.0",
          "Microsoft.Extensions.Options.ConfigurationExtensions": "5.0.0"
        }
      },
      "Microsoft.Extensions.Logging.Console": {
        "type": "Transitive",
        "resolved": "5.0.0",
        "contentHash": "jH0wbWhfvXjOVmCkbra4vbiovDtTUIWLQjCeJ7Xun3h4AHvwfzm7V7wlsXKs3tNnPrsCxZ9oaV0vUAgGY1JxOA==",
        "dependencies": {
          "Microsoft.Extensions.Configuration.Abstractions": "5.0.0",
          "Microsoft.Extensions.DependencyInjection.Abstractions": "5.0.0",
          "Microsoft.Extensions.Logging": "5.0.0",
          "Microsoft.Extensions.Logging.Abstractions": "5.0.0",
          "Microsoft.Extensions.Logging.Configuration": "5.0.0",
          "Microsoft.Extensions.Options": "5.0.0",
          "Microsoft.Extensions.Options.ConfigurationExtensions": "5.0.0"
        }
      },
      "Microsoft.Extensions.Options": {
        "type": "Transitive",
        "resolved": "5.0.0",
        "contentHash": "CBvR92TCJ5uBIdd9/HzDSrxYak+0W/3+yxrNg8Qm6Bmrkh5L+nu6m3WeazQehcZ5q1/6dDA7J5YdQjim0165zg==",
        "dependencies": {
          "Microsoft.Extensions.DependencyInjection.Abstractions": "5.0.0",
          "Microsoft.Extensions.Primitives": "5.0.0"
        }
      },
      "Microsoft.Extensions.Options.ConfigurationExtensions": {
        "type": "Transitive",
        "resolved": "5.0.0",
        "contentHash": "280RxNJqOeQqq47aJLy5D9LN61CAWeuRA83gPToQ8B9jl9SNdQ5EXjlfvF66zQI5AXMl+C/3hGnbtIEN+X3mqA==",
        "dependencies": {
          "Microsoft.Extensions.Configuration.Abstractions": "5.0.0",
          "Microsoft.Extensions.Configuration.Binder": "5.0.0",
          "Microsoft.Extensions.DependencyInjection.Abstractions": "5.0.0",
          "Microsoft.Extensions.Options": "5.0.0",
          "Microsoft.Extensions.Primitives": "5.0.0"
        }
      },
      "Microsoft.Extensions.Primitives": {
        "type": "Transitive",
        "resolved": "5.0.0",
        "contentHash": "cI/VWn9G1fghXrNDagX9nYaaB/nokkZn0HYAawGaELQrl8InSezfe9OnfPZLcJq3esXxygh3hkq2c3qoV3SDyQ=="
      },
      "Newtonsoft.Json": {
        "type": "Transitive",
        "resolved": "13.0.1",
        "contentHash": "ppPFpBcvxdsfUonNcvITKqLl3bqxWbDCZIzDWHzjpdAHRFfZe0Dw9HmA0+za13IdyrgJwpkDTDA9fHaxOrt20A=="
      },
      "System.Runtime.CompilerServices.Unsafe": {
        "type": "Transitive",
        "resolved": "6.0.0",
        "contentHash": "/iUeP3tq1S0XdNNoMz5C9twLSrM/TH+qElHkXWaPvuNOt+99G75NrV0OS2EqHx5wMN7popYjpc8oTjC1y16DLg=="
      },
      "alloverit": {
        "type": "Project",
        "dependencies": {
          "AllOverIt.Assertion": "[6.0.0-rc.12, )"
        }
      },
      "alloverit.assertion": {
        "type": "Project"
      },
      "alloverit.aws.cdk.appsync": {
        "type": "Project",
        "dependencies": {
          "AllOverIt": "[6.0.0-rc.12, )",
          "Amazon.CDK.AWS.AppSync": "[1.172.0, )"
        }
      }
    }
  }
}