{
  "version": 1,
  "dependencies": {
    "net6.0": {
      "Amazon.CDK": {
        "type": "Transitive",
        "resolved": "1.176.0",
        "contentHash": "AORo5XSez5MSq2Up6huHxuAtyErFxpR3GNwBs6XVMLi3GIyw0yz74Mm0+RS6G3qTwT0YqRRuzyfIzYvlUASGmQ==",
        "dependencies": {
          "Amazon.CDK.CXAPI": "1.176.0",
          "Amazon.CDK.CloudAssembly.Schema": "1.176.0",
          "Amazon.CDK.RegionInfo": "1.176.0",
          "Amazon.JSII.Runtime": "[1.67.0, 2.0.0)",
          "Constructs": "[3.3.69, 4.0.0)"
        }
      },
      "Amazon.CDK.Assets": {
        "type": "Transitive",
        "resolved": "1.176.0",
        "contentHash": "SN4uzy6ICDwIXTjDr315rCPkKjc9AHMMQCaPIhVHxVPU2F6d5xpjzmKwN0KfEYwKZyhhhwJ5dbn+lA1l3EmOSw==",
        "dependencies": {
          "Amazon.CDK": "1.176.0",
          "Amazon.CDK.CXAPI": "1.176.0",
          "Amazon.JSII.Runtime": "[1.67.0, 2.0.0)",
          "Constructs": "[3.3.69, 4.0.0)"
        }
      },
      "Amazon.CDK.AWS.ACMPCA": {
        "type": "Transitive",
        "resolved": "1.176.0",
        "contentHash": "YqcCUzfJSAmAyOfN+BgsqI5yCFsp+iy0UGH/1Sv2aUk54gR1UApTtYV5YWueShLPFWKT+z/PcuPsCaV7qsmJkA==",
        "dependencies": {
          "Amazon.CDK": "1.176.0",
          "Amazon.JSII.Runtime": "[1.67.0, 2.0.0)",
          "Constructs": "[3.3.69, 4.0.0)"
        }
      },
      "Amazon.CDK.AWS.ApplicationAutoScaling": {
        "type": "Transitive",
        "resolved": "1.176.0",
        "contentHash": "ID6gPB+4MVRTZaXue+3Ql4Dp8CxrWiHAuThcAe0mSZz8ReM9qvVwjgLXm+f+pat2/QWiy8+wnqtmvYIpREj1Cw==",
        "dependencies": {
          "Amazon.CDK": "1.176.0",
          "Amazon.CDK.AWS.AutoScaling.Common": "1.176.0",
          "Amazon.CDK.AWS.CloudWatch": "1.176.0",
          "Amazon.CDK.AWS.IAM": "1.176.0",
          "Amazon.JSII.Runtime": "[1.67.0, 2.0.0)",
          "Constructs": "[3.3.69, 4.0.0)"
        }
      },
      "Amazon.CDK.AWS.AppSync": {
        "type": "Transitive",
        "resolved": "1.176.0",
        "contentHash": "Ph+GIL0Y6AMdCwbyqHmwiaOV1/Xy6yZnF4a4T3TjasplbqXT96KGEkCDoqDrmA7U1uwT4sm9tIPEW3+Eh6fsdw==",
        "dependencies": {
          "Amazon.CDK": "1.176.0",
          "Amazon.CDK.AWS.CertificateManager": "1.176.0",
          "Amazon.CDK.AWS.Cognito": "1.176.0",
          "Amazon.CDK.AWS.DynamoDB": "1.176.0",
          "Amazon.CDK.AWS.EC2": "1.176.0",
          "Amazon.CDK.AWS.Elasticsearch": "1.176.0",
          "Amazon.CDK.AWS.IAM": "1.176.0",
          "Amazon.CDK.AWS.Lambda": "1.176.0",
          "Amazon.CDK.AWS.OpenSearchService": "1.176.0",
          "Amazon.CDK.AWS.RDS": "1.176.0",
          "Amazon.CDK.AWS.S3.Assets": "1.176.0",
          "Amazon.CDK.AWS.SecretsManager": "1.176.0",
          "Amazon.JSII.Runtime": "[1.67.0, 2.0.0)",
          "Constructs": "[3.3.69, 4.0.0)"
        }
      },
      "Amazon.CDK.AWS.AutoScaling.Common": {
        "type": "Transitive",
        "resolved": "1.176.0",
        "contentHash": "adH7qinfA65LZT2607PNXjhYwkXVXvwkXQdQigXbrF2FqHNFJI0L2lZ14omhmLZXHS5nRByFqrqfJTe7iB0GhQ==",
        "dependencies": {
          "Amazon.CDK": "1.176.0",
          "Amazon.CDK.AWS.IAM": "1.176.0",
          "Amazon.JSII.Runtime": "[1.67.0, 2.0.0)",
          "Constructs": "[3.3.69, 4.0.0)"
        }
      },
      "Amazon.CDK.AWS.CertificateManager": {
        "type": "Transitive",
        "resolved": "1.176.0",
        "contentHash": "I6k9cB2doI2lO/rnl0dJWcP4i85o9NFwHHXT9P8tz+53bd//JQXzrRYnnONdrBsuLmvN1329lwCe0tGY4LfZ8A==",
        "dependencies": {
          "Amazon.CDK": "1.176.0",
          "Amazon.CDK.AWS.ACMPCA": "1.176.0",
          "Amazon.CDK.AWS.CloudWatch": "1.176.0",
          "Amazon.CDK.AWS.IAM": "1.176.0",
          "Amazon.CDK.AWS.Lambda": "1.176.0",
          "Amazon.CDK.AWS.Route53": "1.176.0",
          "Amazon.JSII.Runtime": "[1.67.0, 2.0.0)",
          "Constructs": "[3.3.69, 4.0.0)"
        }
      },
      "Amazon.CDK.AWS.CloudFormation": {
        "type": "Transitive",
        "resolved": "1.176.0",
        "contentHash": "rWefGaT8vW6fgCBE2htGlqNvt6YESssC75Xlq2MRxdVeg4DntshUK7Jb6LkZ80En7+sDm5/GGt/FDYtwEd0q/Q==",
        "dependencies": {
          "Amazon.CDK": "1.176.0",
          "Amazon.CDK.AWS.IAM": "1.176.0",
          "Amazon.CDK.AWS.Lambda": "1.176.0",
          "Amazon.CDK.AWS.S3": "1.176.0",
          "Amazon.CDK.AWS.SNS": "1.176.0",
          "Amazon.CDK.CXAPI": "1.176.0",
          "Amazon.JSII.Runtime": "[1.67.0, 2.0.0)",
          "Constructs": "[3.3.69, 4.0.0)"
        }
      },
      "Amazon.CDK.AWS.CloudWatch": {
        "type": "Transitive",
        "resolved": "1.176.0",
        "contentHash": "g2Ht6gBHEVriHveWYGWjTRHtTFr0+K887Ifi/YZnP7K2acGhEepykItQ6nMN1r8LRrIdDoLD5q57Kc3glufPQQ==",
        "dependencies": {
          "Amazon.CDK": "1.176.0",
          "Amazon.CDK.AWS.IAM": "1.176.0",
          "Amazon.JSII.Runtime": "[1.67.0, 2.0.0)",
          "Constructs": "[3.3.69, 4.0.0)"
        }
      },
      "Amazon.CDK.AWS.CodeGuruProfiler": {
        "type": "Transitive",
        "resolved": "1.176.0",
        "contentHash": "6wUg2ZLEC/yGOYNz3j46t3iuF93PatPBROwvaEx/CftftdwJHdF6cYsXgm//E+HgYhcFyPjB4MTADu3JwGMpvA==",
        "dependencies": {
          "Amazon.CDK": "1.176.0",
          "Amazon.CDK.AWS.IAM": "1.176.0",
          "Amazon.JSII.Runtime": "[1.67.0, 2.0.0)",
          "Constructs": "[3.3.69, 4.0.0)"
        }
      },
      "Amazon.CDK.AWS.CodeStarNotifications": {
        "type": "Transitive",
        "resolved": "1.176.0",
        "contentHash": "BfAZAvSy01jSJyKAADvXlX4bHJ8B77e4yQ7IfUVXR8FC/0KiIpwmvpoVe7qT4SxcznNDvyqIIPZESxeu2uOu1A==",
        "dependencies": {
          "Amazon.CDK": "1.176.0",
          "Amazon.JSII.Runtime": "[1.67.0, 2.0.0)",
          "Constructs": "[3.3.69, 4.0.0)"
        }
      },
      "Amazon.CDK.AWS.Cognito": {
        "type": "Transitive",
        "resolved": "1.176.0",
        "contentHash": "d92eHpdYhb8uhqAZ6piBkglo2q6GTJ9f5wlpg4MKsOWmjA3stOxLfRKxeE2Nylm5gafD9a6sfJlMCyDJLCFc+g==",
        "dependencies": {
          "Amazon.CDK": "1.176.0",
          "Amazon.CDK.AWS.CertificateManager": "1.176.0",
          "Amazon.CDK.AWS.CustomResources": "1.176.0",
          "Amazon.CDK.AWS.IAM": "1.176.0",
          "Amazon.CDK.AWS.KMS": "1.176.0",
          "Amazon.CDK.AWS.Lambda": "1.176.0",
          "Amazon.JSII.Runtime": "[1.67.0, 2.0.0)",
          "Constructs": "[3.3.69, 4.0.0)"
        }
      },
      "Amazon.CDK.AWS.CustomResources": {
        "type": "Transitive",
        "resolved": "1.176.0",
        "contentHash": "hQ1RUC7gkRKGyus8cgC0nViajmZWnFhya0G/5aOTQXyx/WzzhwI1tZ9noIPQiF0ubtCEDiOO3VFqnET2QCZ+JQ==",
        "dependencies": {
          "Amazon.CDK": "1.176.0",
          "Amazon.CDK.AWS.CloudFormation": "1.176.0",
          "Amazon.CDK.AWS.EC2": "1.176.0",
          "Amazon.CDK.AWS.IAM": "1.176.0",
          "Amazon.CDK.AWS.Lambda": "1.176.0",
          "Amazon.CDK.AWS.Logs": "1.176.0",
          "Amazon.CDK.AWS.SNS": "1.176.0",
          "Amazon.JSII.Runtime": "[1.67.0, 2.0.0)",
          "Constructs": "[3.3.69, 4.0.0)"
        }
      },
      "Amazon.CDK.AWS.DynamoDB": {
        "type": "Transitive",
        "resolved": "1.176.0",
        "contentHash": "vvlWjocBMKw4DNh2yJliKv0JGpayQYhHZSR0QRjdo3/MFK8v9qEj5NLaxxleX9UvOBffq25b7XaY34ggqHfWLA==",
        "dependencies": {
          "Amazon.CDK": "1.176.0",
          "Amazon.CDK.AWS.ApplicationAutoScaling": "1.176.0",
          "Amazon.CDK.AWS.CloudWatch": "1.176.0",
          "Amazon.CDK.AWS.CustomResources": "1.176.0",
          "Amazon.CDK.AWS.IAM": "1.176.0",
          "Amazon.CDK.AWS.KMS": "1.176.0",
          "Amazon.CDK.AWS.Kinesis": "1.176.0",
          "Amazon.CDK.AWS.Lambda": "1.176.0",
          "Amazon.JSII.Runtime": "[1.67.0, 2.0.0)",
          "Constructs": "[3.3.69, 4.0.0)"
        }
      },
      "Amazon.CDK.AWS.EC2": {
        "type": "Transitive",
        "resolved": "1.176.0",
        "contentHash": "2CB06nfqZvOlo6twE7B6/aEbiB23zQ+pK/NWyhhqwHEMqRt5JltNYFPoCsS9GjVcuBeoEjG79P/vu3CGT0IZPQ==",
        "dependencies": {
          "Amazon.CDK": "1.176.0",
          "Amazon.CDK.AWS.CloudWatch": "1.176.0",
          "Amazon.CDK.AWS.IAM": "1.176.0",
          "Amazon.CDK.AWS.KMS": "1.176.0",
          "Amazon.CDK.AWS.Logs": "1.176.0",
          "Amazon.CDK.AWS.S3": "1.176.0",
          "Amazon.CDK.AWS.S3.Assets": "1.176.0",
          "Amazon.CDK.AWS.SSM": "1.176.0",
          "Amazon.CDK.CXAPI": "1.176.0",
          "Amazon.CDK.CloudAssembly.Schema": "1.176.0",
          "Amazon.CDK.RegionInfo": "1.176.0",
          "Amazon.JSII.Runtime": "[1.67.0, 2.0.0)",
          "Constructs": "[3.3.69, 4.0.0)"
        }
      },
      "Amazon.CDK.AWS.ECR": {
        "type": "Transitive",
        "resolved": "1.176.0",
        "contentHash": "dCP0JaCZyUBJ6jzRfQQkJBJZ0joubNwbJFh/hM2QMhNtaHfztcfNW+OnWTzlTUja5RPRHmev4NXaJzuQgUbtJg==",
        "dependencies": {
          "Amazon.CDK": "1.176.0",
          "Amazon.CDK.AWS.Events": "1.176.0",
          "Amazon.CDK.AWS.IAM": "1.176.0",
          "Amazon.CDK.AWS.KMS": "1.176.0",
          "Amazon.JSII.Runtime": "[1.67.0, 2.0.0)",
          "Constructs": "[3.3.69, 4.0.0)"
        }
      },
      "Amazon.CDK.AWS.EFS": {
        "type": "Transitive",
        "resolved": "1.176.0",
        "contentHash": "ygE/4iLc2rXEdB/2EkmmHeQl6rgP1BKJo9Ote1MIJcH+c857Rwo3pslAbDk5buyl8idZtEGUgzFtDazP4KhUSg==",
        "dependencies": {
          "Amazon.CDK": "1.176.0",
          "Amazon.CDK.AWS.EC2": "1.176.0",
          "Amazon.CDK.AWS.IAM": "1.176.0",
          "Amazon.CDK.AWS.KMS": "1.176.0",
          "Amazon.CDK.CXAPI": "1.176.0",
          "Amazon.CDK.CloudAssembly.Schema": "1.176.0",
          "Amazon.JSII.Runtime": "[1.67.0, 2.0.0)",
          "Constructs": "[3.3.69, 4.0.0)"
        }
      },
      "Amazon.CDK.AWS.Elasticsearch": {
        "type": "Transitive",
        "resolved": "1.176.0",
        "contentHash": "LKcFsICkUX2xkE8HiX6lnug8pNaIrk+2KQr6fZc/MM/iQoQ1fJgvRmX5qUohBSYFxdFYZKH76SwCZiOyMfaTxw==",
        "dependencies": {
          "Amazon.CDK": "1.176.0",
          "Amazon.CDK.AWS.CertificateManager": "1.176.0",
          "Amazon.CDK.AWS.CloudWatch": "1.176.0",
          "Amazon.CDK.AWS.CustomResources": "1.176.0",
          "Amazon.CDK.AWS.EC2": "1.176.0",
          "Amazon.CDK.AWS.IAM": "1.176.0",
          "Amazon.CDK.AWS.KMS": "1.176.0",
          "Amazon.CDK.AWS.Logs": "1.176.0",
          "Amazon.CDK.AWS.Route53": "1.176.0",
          "Amazon.CDK.AWS.SecretsManager": "1.176.0",
          "Amazon.JSII.Runtime": "[1.67.0, 2.0.0)",
          "Constructs": "[3.3.69, 4.0.0)"
        }
      },
      "Amazon.CDK.AWS.Events": {
        "type": "Transitive",
        "resolved": "1.176.0",
        "contentHash": "UHulv/M33AQNvLI23D45VTz5kum7Jah4GWnAnUj37OmwUJcuH079gxY2jjpwwU5SVW6+0vKejXJ3xFOeIgSMiA==",
        "dependencies": {
          "Amazon.CDK": "1.176.0",
          "Amazon.CDK.AWS.IAM": "1.176.0",
          "Amazon.JSII.Runtime": "[1.67.0, 2.0.0)",
          "Constructs": "[3.3.69, 4.0.0)"
        }
      },
      "Amazon.CDK.AWS.IAM": {
        "type": "Transitive",
        "resolved": "1.176.0",
        "contentHash": "kqvsiE/cCiKf9AoLjseUZKBF26gIRdq8tvOXFn37d+AU6eRTqEUSpDz0LJTBnqHdXNPUe7H+CFhSR8CsyywMjg==",
        "dependencies": {
          "Amazon.CDK": "1.176.0",
          "Amazon.CDK.CXAPI": "1.176.0",
          "Amazon.CDK.RegionInfo": "1.176.0",
          "Amazon.JSII.Runtime": "[1.67.0, 2.0.0)",
          "Constructs": "[3.3.69, 4.0.0)"
        }
      },
      "Amazon.CDK.AWS.Kinesis": {
        "type": "Transitive",
        "resolved": "1.176.0",
        "contentHash": "iYyvugE3aN38DaEnCyRRXHMTWH0hm5M3dRfiEkdxHzSId3IH8bdEVw4nF7tZh4yLDyR/XZZLwbHsif64LBNPLg==",
        "dependencies": {
          "Amazon.CDK": "1.176.0",
          "Amazon.CDK.AWS.CloudWatch": "1.176.0",
          "Amazon.CDK.AWS.IAM": "1.176.0",
          "Amazon.CDK.AWS.KMS": "1.176.0",
          "Amazon.CDK.AWS.Logs": "1.176.0",
          "Amazon.JSII.Runtime": "[1.67.0, 2.0.0)",
          "Constructs": "[3.3.69, 4.0.0)"
        }
      },
      "Amazon.CDK.AWS.KMS": {
        "type": "Transitive",
        "resolved": "1.176.0",
        "contentHash": "unjQ6XwTQ5MhTXRzfU11Tp5d0JcTn59QuEPYDVig6ZX7mLixKyvTqU5sUYEi6FAHSNeP/Co7kLAAV9JdTJMamg==",
        "dependencies": {
          "Amazon.CDK": "1.176.0",
          "Amazon.CDK.AWS.IAM": "1.176.0",
          "Amazon.CDK.CXAPI": "1.176.0",
          "Amazon.CDK.CloudAssembly.Schema": "1.176.0",
          "Amazon.JSII.Runtime": "[1.67.0, 2.0.0)",
          "Constructs": "[3.3.69, 4.0.0)"
        }
      },
      "Amazon.CDK.AWS.Lambda": {
        "type": "Transitive",
        "resolved": "1.176.0",
        "contentHash": "9aVRd7+aqGNfY0HnMZTKuZotCyjWA1fEAsM+B9Mot39ZGBZI2Pqi08hYkqM89U3T8LGXl4i2xCAiWOdkW/rIhQ==",
        "dependencies": {
          "Amazon.CDK": "1.176.0",
          "Amazon.CDK.AWS.ApplicationAutoScaling": "1.176.0",
          "Amazon.CDK.AWS.CloudWatch": "1.176.0",
          "Amazon.CDK.AWS.CodeGuruProfiler": "1.176.0",
          "Amazon.CDK.AWS.EC2": "1.176.0",
          "Amazon.CDK.AWS.ECR": "1.176.0",
          "Amazon.CDK.AWS.EFS": "1.176.0",
          "Amazon.CDK.AWS.Events": "1.176.0",
          "Amazon.CDK.AWS.IAM": "1.176.0",
          "Amazon.CDK.AWS.KMS": "1.176.0",
          "Amazon.CDK.AWS.Logs": "1.176.0",
          "Amazon.CDK.AWS.S3": "1.176.0",
          "Amazon.CDK.AWS.S3.Assets": "1.176.0",
          "Amazon.CDK.AWS.SNS": "1.176.0",
          "Amazon.CDK.AWS.SQS": "1.176.0",
          "Amazon.CDK.AWS.Signer": "1.176.0",
          "Amazon.CDK.CXAPI": "1.176.0",
          "Amazon.CDK.ECR.Assets": "1.176.0",
          "Amazon.CDK.RegionInfo": "1.176.0",
          "Amazon.JSII.Runtime": "[1.67.0, 2.0.0)",
          "Constructs": "[3.3.69, 4.0.0)"
        }
      },
      "Amazon.CDK.AWS.Logs": {
        "type": "Transitive",
        "resolved": "1.176.0",
        "contentHash": "9lxWDl1oewvldPt0WMrenLuaOCMTJhRMR8XJQQTm/ylQ7aWpnkLg08M9TmE0WKv75Z5mMhDtjGs1vff4Swg4cg==",
        "dependencies": {
          "Amazon.CDK": "1.176.0",
          "Amazon.CDK.AWS.CloudWatch": "1.176.0",
          "Amazon.CDK.AWS.IAM": "1.176.0",
          "Amazon.CDK.AWS.KMS": "1.176.0",
          "Amazon.CDK.AWS.S3.Assets": "1.176.0",
          "Amazon.CDK.CXAPI": "1.176.0",
          "Amazon.JSII.Runtime": "[1.67.0, 2.0.0)",
          "Constructs": "[3.3.69, 4.0.0)"
        }
      },
      "Amazon.CDK.AWS.OpenSearchService": {
        "type": "Transitive",
        "resolved": "1.176.0",
        "contentHash": "jpFoaIckt0ebwuM0DQLBjjReoL3fHFkD8+yXvZzZ2mIhTafXHhe1WQMbgGkkUhONixvky8CKtEYlWu0ORiCrXg==",
        "dependencies": {
          "Amazon.CDK": "1.176.0",
          "Amazon.CDK.AWS.CertificateManager": "1.176.0",
          "Amazon.CDK.AWS.CloudWatch": "1.176.0",
          "Amazon.CDK.AWS.CustomResources": "1.176.0",
          "Amazon.CDK.AWS.EC2": "1.176.0",
          "Amazon.CDK.AWS.IAM": "1.176.0",
          "Amazon.CDK.AWS.KMS": "1.176.0",
          "Amazon.CDK.AWS.Logs": "1.176.0",
          "Amazon.CDK.AWS.Route53": "1.176.0",
          "Amazon.CDK.AWS.SecretsManager": "1.176.0",
          "Amazon.JSII.Runtime": "[1.67.0, 2.0.0)",
          "Constructs": "[3.3.69, 4.0.0)"
        }
      },
      "Amazon.CDK.AWS.RDS": {
        "type": "Transitive",
        "resolved": "1.176.0",
        "contentHash": "UsGnTyUIoMJ8p3WueRDCYaSoJlDhQlPbQTn3r8anmWHzmH/fq0sHEKrYb7ufU3OIvzLLyWT1zexbih+XRAeXtw==",
        "dependencies": {
          "Amazon.CDK": "1.176.0",
          "Amazon.CDK.AWS.CloudWatch": "1.176.0",
          "Amazon.CDK.AWS.EC2": "1.176.0",
          "Amazon.CDK.AWS.Events": "1.176.0",
          "Amazon.CDK.AWS.IAM": "1.176.0",
          "Amazon.CDK.AWS.KMS": "1.176.0",
          "Amazon.CDK.AWS.Logs": "1.176.0",
          "Amazon.CDK.AWS.S3": "1.176.0",
          "Amazon.CDK.AWS.SecretsManager": "1.176.0",
          "Amazon.CDK.CXAPI": "1.176.0",
          "Amazon.JSII.Runtime": "[1.67.0, 2.0.0)",
          "Constructs": "[3.3.69, 4.0.0)"
        }
      },
      "Amazon.CDK.AWS.Route53": {
        "type": "Transitive",
        "resolved": "1.176.0",
        "contentHash": "NljcCorY6gBfGQXN/wDg1Lxle85izQdWgWM9Vr5h/T1XCQjR+t+HGyOPhSUV9KVbroTr5sj//FZnBlC1BIMNWQ==",
        "dependencies": {
          "Amazon.CDK": "1.176.0",
          "Amazon.CDK.AWS.CustomResources": "1.176.0",
          "Amazon.CDK.AWS.EC2": "1.176.0",
          "Amazon.CDK.AWS.IAM": "1.176.0",
          "Amazon.CDK.AWS.Logs": "1.176.0",
          "Amazon.CDK.CloudAssembly.Schema": "1.176.0",
          "Amazon.JSII.Runtime": "[1.67.0, 2.0.0)",
          "Constructs": "[3.3.69, 4.0.0)"
        }
      },
      "Amazon.CDK.AWS.S3": {
        "type": "Transitive",
        "resolved": "1.176.0",
        "contentHash": "AeKiqODzC97d/FINY3/B8pbvCQpnhNnE+/dZ6ghTiIM7HBtIEoZHV1gitxVo2zhZqMzo2k5Fz1AM9aqLRElkKw==",
        "dependencies": {
          "Amazon.CDK": "1.176.0",
          "Amazon.CDK.AWS.Events": "1.176.0",
          "Amazon.CDK.AWS.IAM": "1.176.0",
          "Amazon.CDK.AWS.KMS": "1.176.0",
          "Amazon.CDK.CXAPI": "1.176.0",
          "Amazon.JSII.Runtime": "[1.67.0, 2.0.0)",
          "Constructs": "[3.3.69, 4.0.0)"
        }
      },
      "Amazon.CDK.AWS.S3.Assets": {
        "type": "Transitive",
        "resolved": "1.176.0",
        "contentHash": "UKR33PBP6cgJk0tuaOr8hrepC4O0agxFPAvUZU0Y5UVmAHl5cxvTOdjzm4gVEEb0QNp56m+91iK9tyPeLLFwlg==",
        "dependencies": {
          "Amazon.CDK": "1.176.0",
          "Amazon.CDK.AWS.IAM": "1.176.0",
          "Amazon.CDK.AWS.KMS": "1.176.0",
          "Amazon.CDK.AWS.S3": "1.176.0",
          "Amazon.CDK.Assets": "1.176.0",
          "Amazon.CDK.CXAPI": "1.176.0",
          "Amazon.JSII.Runtime": "[1.67.0, 2.0.0)",
          "Constructs": "[3.3.69, 4.0.0)"
        }
      },
      "Amazon.CDK.AWS.SAM": {
        "type": "Transitive",
        "resolved": "1.176.0",
        "contentHash": "ou/jcn/PUFspXlAwVW5DQ/bgJz8wqAwyhXULz5fBE3L3zhjBfjRHWEL4YQ8yXqfyqZAWD7jP522nzMWGLLCHBw==",
        "dependencies": {
          "Amazon.CDK": "1.176.0",
          "Amazon.JSII.Runtime": "[1.67.0, 2.0.0)",
          "Constructs": "[3.3.69, 4.0.0)"
        }
      },
      "Amazon.CDK.AWS.SecretsManager": {
        "type": "Transitive",
        "resolved": "1.176.0",
        "contentHash": "5F5YTZ1xhezPVii7bAI5sgzqQndBm+xO1NBPnagwcN8CwiFjuhpGyhquAZuE/zji/nWUf07Id/olus9Sd8z/ig==",
        "dependencies": {
          "Amazon.CDK": "1.176.0",
          "Amazon.CDK.AWS.EC2": "1.176.0",
          "Amazon.CDK.AWS.IAM": "1.176.0",
          "Amazon.CDK.AWS.KMS": "1.176.0",
          "Amazon.CDK.AWS.Lambda": "1.176.0",
          "Amazon.CDK.AWS.SAM": "1.176.0",
          "Amazon.CDK.CXAPI": "1.176.0",
          "Amazon.JSII.Runtime": "[1.67.0, 2.0.0)",
          "Constructs": "[3.3.69, 4.0.0)"
        }
      },
      "Amazon.CDK.AWS.Signer": {
        "type": "Transitive",
        "resolved": "1.176.0",
        "contentHash": "lp63+QoyPrdhjlC3xxzqQCv8aGwI3odqSNb3wEN/6wsNhqbuOybLam+Kzgl9LOIlLQUL964tmJAQ+hpIobYMjA==",
        "dependencies": {
          "Amazon.CDK": "1.176.0",
          "Amazon.JSII.Runtime": "[1.67.0, 2.0.0)",
          "Constructs": "[3.3.69, 4.0.0)"
        }
      },
      "Amazon.CDK.AWS.SNS": {
        "type": "Transitive",
        "resolved": "1.176.0",
        "contentHash": "sd2s8VCFKUtMbWRfgjACnIlzv5Q82w8JxQcYj1/05DAoot0JpS6Qp0GrZFvfYBjtcBJGMq/CDVj5IJ1uDlKDEQ==",
        "dependencies": {
          "Amazon.CDK": "1.176.0",
          "Amazon.CDK.AWS.CloudWatch": "1.176.0",
          "Amazon.CDK.AWS.CodeStarNotifications": "1.176.0",
          "Amazon.CDK.AWS.Events": "1.176.0",
          "Amazon.CDK.AWS.IAM": "1.176.0",
          "Amazon.CDK.AWS.KMS": "1.176.0",
          "Amazon.CDK.AWS.SQS": "1.176.0",
          "Amazon.JSII.Runtime": "[1.67.0, 2.0.0)",
          "Constructs": "[3.3.69, 4.0.0)"
        }
      },
      "Amazon.CDK.AWS.SQS": {
        "type": "Transitive",
        "resolved": "1.176.0",
        "contentHash": "vJa9ER8cT/XowSuQ++7zP3wN/r6wShbpgv5ypeV8EWqdvt/gwD/ufFypC0uEJVZdDfkTm3YHmUNeJxP6gY/mmw==",
        "dependencies": {
          "Amazon.CDK": "1.176.0",
          "Amazon.CDK.AWS.CloudWatch": "1.176.0",
          "Amazon.CDK.AWS.IAM": "1.176.0",
          "Amazon.CDK.AWS.KMS": "1.176.0",
          "Amazon.JSII.Runtime": "[1.67.0, 2.0.0)",
          "Constructs": "[3.3.69, 4.0.0)"
        }
      },
      "Amazon.CDK.AWS.SSM": {
        "type": "Transitive",
        "resolved": "1.176.0",
        "contentHash": "hevnmqukhdO7QbfsZ2uVuEW+BD1FTX3D4q/P5wPnIFp8Hr1ZoGjo8ecbdRDH5x5Fn50dWFv4fPWMTkmprb/dyA==",
        "dependencies": {
          "Amazon.CDK": "1.176.0",
          "Amazon.CDK.AWS.IAM": "1.176.0",
          "Amazon.CDK.AWS.KMS": "1.176.0",
          "Amazon.CDK.CloudAssembly.Schema": "1.176.0",
          "Amazon.JSII.Runtime": "[1.67.0, 2.0.0)",
          "Constructs": "[3.3.69, 4.0.0)"
        }
      },
      "Amazon.CDK.CloudAssembly.Schema": {
        "type": "Transitive",
        "resolved": "1.176.0",
        "contentHash": "8hJXG3N7o4W8tSwAODyUJSmV3lBddUKTeQsCpQbtZvxkgRNFXQVucEoqt540z9s4GJ6akt2p7ba2F+ZzR5YiAQ==",
        "dependencies": {
          "Amazon.JSII.Runtime": "[1.67.0, 2.0.0)"
        }
      },
      "Amazon.CDK.CXAPI": {
        "type": "Transitive",
        "resolved": "1.176.0",
        "contentHash": "tGWOJCg+L/JLaaBoDdx9UczXqxDWYtn4cNSab2EWEaHXYewKAwAsQRHvTPp/zt6kc7mYrF+AMS1SQr9JpnObMQ==",
        "dependencies": {
          "Amazon.CDK.CloudAssembly.Schema": "1.176.0",
          "Amazon.JSII.Runtime": "[1.67.0, 2.0.0)"
        }
      },
      "Amazon.CDK.ECR.Assets": {
        "type": "Transitive",
        "resolved": "1.176.0",
        "contentHash": "Q5B2uDGftcyLJkETwZFdszIXQ3IlcodZQcaC3kiuJdGMwrqMat9UYRuSwBp0XbzYFz9V0ABrHYbxmJBO+8IGQg==",
        "dependencies": {
          "Amazon.CDK": "1.176.0",
          "Amazon.CDK.AWS.ECR": "1.176.0",
          "Amazon.CDK.AWS.IAM": "1.176.0",
          "Amazon.CDK.AWS.S3": "1.176.0",
          "Amazon.CDK.Assets": "1.176.0",
          "Amazon.CDK.CXAPI": "1.176.0",
          "Amazon.JSII.Runtime": "[1.67.0, 2.0.0)",
          "Constructs": "[3.3.69, 4.0.0)"
        }
      },
      "Amazon.CDK.RegionInfo": {
        "type": "Transitive",
        "resolved": "1.176.0",
        "contentHash": "67tKCm2Z+elaN7R8/RDctkpUtN6uTrNJDIroiqjhKI6BKSckC5ZDFbj0xBHtyWCvEhlWdmu+oYbt67O4DTpPtA==",
        "dependencies": {
          "Amazon.JSII.Runtime": "[1.67.0, 2.0.0)"
        }
      },
      "Amazon.JSII.Runtime": {
        "type": "Transitive",
        "resolved": "1.67.0",
        "contentHash": "S7RHFdtyruUEEXdoaMq7mCxOc0/wMrTzO8i1EzYvgOVBVMlkAi/J0+tbLhnTyYuGzkkDdTWv1FkXqxXbU5GRnQ==",
        "dependencies": {
          "Microsoft.Extensions.DependencyInjection": "6.0.0",
          "Microsoft.Extensions.Logging": "5.0.0",
          "Microsoft.Extensions.Logging.Console": "5.0.0",
          "Newtonsoft.Json": "13.0.1"
        }
      },
      "Constructs": {
        "type": "Transitive",
        "resolved": "3.3.69",
        "contentHash": "bokQf6+jwS1bU4HA+GgtvYunR+iaQnOrqJ/ufXrkT8OdsT51/6MAyah+TUcUbq/jj4XZ6b92gZYN74v+mPsImA==",
        "dependencies": {
          "Amazon.JSII.Runtime": "[1.26.0, 2.0.0)"
        }
      },
      "Microsoft.Extensions.Configuration": {
        "type": "Transitive",
        "resolved": "5.0.0",
        "contentHash": "LN322qEKHjuVEhhXueTUe7RNePooZmS8aGid5aK2woX3NPjSnONFyKUc6+JknOS6ce6h2tCLfKPTBXE3mN/6Ag==",
        "dependencies": {
          "Microsoft.Extensions.Configuration.Abstractions": "5.0.0",
          "Microsoft.Extensions.Primitives": "5.0.0"
        }
      },
      "Microsoft.Extensions.Configuration.Abstractions": {
        "type": "Transitive",
        "resolved": "5.0.0",
        "contentHash": "ETjSBHMp3OAZ4HxGQYpwyGsD8Sw5FegQXphi0rpoGMT74S4+I2mm7XJEswwn59XAaKOzC15oDSOWEE8SzDCd6Q==",
        "dependencies": {
          "Microsoft.Extensions.Primitives": "5.0.0"
        }
      },
      "Microsoft.Extensions.Configuration.Binder": {
        "type": "Transitive",
        "resolved": "5.0.0",
        "contentHash": "Of1Irt1+NzWO+yEYkuDh5TpT4On7LKl98Q9iLqCdOZps6XXEWDj3AKtmyvzJPVXZe4apmkJJIiDL7rR1yC+hjQ==",
        "dependencies": {
          "Microsoft.Extensions.Configuration.Abstractions": "5.0.0"
        }
      },
      "Microsoft.Extensions.DependencyInjection": {
        "type": "Transitive",
        "resolved": "6.0.0",
        "contentHash": "k6PWQMuoBDGGHOQTtyois2u4AwyVcIwL2LaSLlTZQm2CYcJ1pxbt6jfAnpWmzENA/wfrYRI/X9DTLoUkE4AsLw==",
        "dependencies": {
          "Microsoft.Extensions.DependencyInjection.Abstractions": "6.0.0",
          "System.Runtime.CompilerServices.Unsafe": "6.0.0"
        }
      },
      "Microsoft.Extensions.DependencyInjection.Abstractions": {
        "type": "Transitive",
        "resolved": "6.0.0",
        "contentHash": "xlzi2IYREJH3/m6+lUrQlujzX8wDitm4QGnUu6kUXTQAWPuZY8i+ticFJbzfqaetLA6KR/rO6Ew/HuYD+bxifg=="
      },
      "Microsoft.Extensions.Logging": {
        "type": "Transitive",
        "resolved": "5.0.0",
        "contentHash": "MgOwK6tPzB6YNH21wssJcw/2MKwee8b2gI7SllYfn6rvTpIrVvVS5HAjSU2vqSku1fwqRvWP0MdIi14qjd93Aw==",
        "dependencies": {
          "Microsoft.Extensions.DependencyInjection": "5.0.0",
          "Microsoft.Extensions.DependencyInjection.Abstractions": "5.0.0",
          "Microsoft.Extensions.Logging.Abstractions": "5.0.0",
          "Microsoft.Extensions.Options": "5.0.0"
        }
      },
      "Microsoft.Extensions.Logging.Abstractions": {
        "type": "Transitive",
        "resolved": "5.0.0",
        "contentHash": "NxP6ahFcBnnSfwNBi2KH2Oz8Xl5Sm2krjId/jRR3I7teFphwiUoUeZPwTNA21EX+5PtjqmyAvKaOeBXcJjcH/w=="
      },
      "Microsoft.Extensions.Logging.Configuration": {
        "type": "Transitive",
        "resolved": "5.0.0",
        "contentHash": "N3/d0HeMRnBekadbZlmbp+In8EvNNkQHSdbtRzjrGVckdZWpYs5GNrAfaYqVplDFW0WUedSaFJ3khB50BWYGsw==",
        "dependencies": {
          "Microsoft.Extensions.Configuration": "5.0.0",
          "Microsoft.Extensions.Configuration.Abstractions": "5.0.0",
          "Microsoft.Extensions.Configuration.Binder": "5.0.0",
          "Microsoft.Extensions.DependencyInjection.Abstractions": "5.0.0",
          "Microsoft.Extensions.Logging": "5.0.0",
          "Microsoft.Extensions.Logging.Abstractions": "5.0.0",
          "Microsoft.Extensions.Options": "5.0.0",
          "Microsoft.Extensions.Options.ConfigurationExtensions": "5.0.0"
        }
      },
      "Microsoft.Extensions.Logging.Console": {
        "type": "Transitive",
        "resolved": "5.0.0",
        "contentHash": "jH0wbWhfvXjOVmCkbra4vbiovDtTUIWLQjCeJ7Xun3h4AHvwfzm7V7wlsXKs3tNnPrsCxZ9oaV0vUAgGY1JxOA==",
        "dependencies": {
          "Microsoft.Extensions.Configuration.Abstractions": "5.0.0",
          "Microsoft.Extensions.DependencyInjection.Abstractions": "5.0.0",
          "Microsoft.Extensions.Logging": "5.0.0",
          "Microsoft.Extensions.Logging.Abstractions": "5.0.0",
          "Microsoft.Extensions.Logging.Configuration": "5.0.0",
          "Microsoft.Extensions.Options": "5.0.0",
          "Microsoft.Extensions.Options.ConfigurationExtensions": "5.0.0"
        }
      },
      "Microsoft.Extensions.Options": {
        "type": "Transitive",
        "resolved": "5.0.0",
        "contentHash": "CBvR92TCJ5uBIdd9/HzDSrxYak+0W/3+yxrNg8Qm6Bmrkh5L+nu6m3WeazQehcZ5q1/6dDA7J5YdQjim0165zg==",
        "dependencies": {
          "Microsoft.Extensions.DependencyInjection.Abstractions": "5.0.0",
          "Microsoft.Extensions.Primitives": "5.0.0"
        }
      },
      "Microsoft.Extensions.Options.ConfigurationExtensions": {
        "type": "Transitive",
        "resolved": "5.0.0",
        "contentHash": "280RxNJqOeQqq47aJLy5D9LN61CAWeuRA83gPToQ8B9jl9SNdQ5EXjlfvF66zQI5AXMl+C/3hGnbtIEN+X3mqA==",
        "dependencies": {
          "Microsoft.Extensions.Configuration.Abstractions": "5.0.0",
          "Microsoft.Extensions.Configuration.Binder": "5.0.0",
          "Microsoft.Extensions.DependencyInjection.Abstractions": "5.0.0",
          "Microsoft.Extensions.Options": "5.0.0",
          "Microsoft.Extensions.Primitives": "5.0.0"
        }
      },
      "Microsoft.Extensions.Primitives": {
        "type": "Transitive",
        "resolved": "5.0.0",
        "contentHash": "cI/VWn9G1fghXrNDagX9nYaaB/nokkZn0HYAawGaELQrl8InSezfe9OnfPZLcJq3esXxygh3hkq2c3qoV3SDyQ=="
      },
      "Newtonsoft.Json": {
        "type": "Transitive",
        "resolved": "13.0.1",
        "contentHash": "ppPFpBcvxdsfUonNcvITKqLl3bqxWbDCZIzDWHzjpdAHRFfZe0Dw9HmA0+za13IdyrgJwpkDTDA9fHaxOrt20A=="
      },
      "System.Runtime.CompilerServices.Unsafe": {
        "type": "Transitive",
        "resolved": "6.0.0",
        "contentHash": "/iUeP3tq1S0XdNNoMz5C9twLSrM/TH+qElHkXWaPvuNOt+99G75NrV0OS2EqHx5wMN7popYjpc8oTjC1y16DLg=="
      },
      "alloverit": {
        "type": "Project",
        "dependencies": {
          "AllOverIt.Assertion": "[6.0.0-rc.13, )"
        }
      },
      "alloverit.assertion": {
        "type": "Project"
      },
      "alloverit.aws.cdk.appsync": {
        "type": "Project",
        "dependencies": {
          "AllOverIt": "[6.0.0-rc.13, )",
          "Amazon.CDK.AWS.AppSync": "[1.176.0, )"
        }
      }
    }
  }
}